
Microsoft Visual Studio Solution File, Format Version 12.00
# Visual Studio 15
VisualStudioVersion = 15.0.28307.489
MinimumVisualStudioVersion = 10.0.40219.1
Project("{8BC9CEB8-8B4A-11D0-8D11-00A0C91BC942}") = "WraithXCOD", "WraithXCOD\WraithXCOD.vcxproj", "{948F6C8F-B11C-4E84-AC0E-8A8B1E94D119}"
EndProject
Project("{8BC9CEB8-8B4A-11D0-8D11-00A0C91BC942}") = "WraithX", "..\WraithX\WraithX\WraithX.vcxproj", "{BFF7E83B-ACD0-447F-A4DE-A11D726ACAE1}"
EndProject
Project("{8BC9CEB8-8B4A-11D0-8D11-00A0C91BC942}") = "DirectXTex", "..\WraithX\ExternalDeps\DirectXTexApril17\DirectXTex\DirectXTex_Desktop_2013.vcxproj", "{371B9FA9-4C90-4AC6-A123-ACED756D6C77}"
EndProject
Project("{8BC9CEB8-8B4A-11D0-8D11-00A0C91BC942}") = "libFLAC_static", "..\WraithX\ExternalDeps\Flac1.3.2\src\libFLAC\libFLAC_static.vcxproj", "{4CEFBC84-C215-11DB-8314-0800200C9A66}"
EndProject
Project("{8BC9CEB8-8B4A-11D0-8D11-00A0C91BC942}") = "DirectXMesh", "..\DirectXMesh\DirectXMesh_Desktop_2017.vcxproj", "{6857F086-F6FE-4150-9ED7-7446F1C1C220}"
EndProject
Project("{8BC9CEB8-8B4A-11D0-8D11-00A0C91BC942}") = "CascLib", "..\CascLib\CascLib_vs17.vcxproj", "{78424708-1F6E-4D4B-920C-FB6D26847055}"
EndProject
Global
	GlobalSection(SolutionConfigurationPlatforms) = preSolution
		Debug|x64 = Debug|x64
		DebugAD|x64 = DebugAD|x64
		DebugAS|x64 = DebugAS|x64
		DebugUD|x64 = DebugUD|x64
		DebugUS|x64 = DebugUS|x64
		Profile|x64 = Profile|x64
		Release|x64 = Release|x64
		ReleaseAD|x64 = ReleaseAD|x64
		ReleaseAS|x64 = ReleaseAS|x64
		ReleaseUD|x64 = ReleaseUD|x64
		ReleaseUS|x64 = ReleaseUS|x64
	EndGlobalSection
	GlobalSection(ProjectConfigurationPlatforms) = postSolution
		{948F6C8F-B11C-4E84-AC0E-8A8B1E94D119}.Debug|x64.ActiveCfg = Debug|x64
		{948F6C8F-B11C-4E84-AC0E-8A8B1E94D119}.Debug|x64.Build.0 = Debug|x64
		{948F6C8F-B11C-4E84-AC0E-8A8B1E94D119}.DebugAD|x64.ActiveCfg = Debug|x64
		{948F6C8F-B11C-4E84-AC0E-8A8B1E94D119}.DebugAD|x64.Build.0 = Debug|x64
		{948F6C8F-B11C-4E84-AC0E-8A8B1E94D119}.DebugAS|x64.ActiveCfg = Debug|x64
		{948F6C8F-B11C-4E84-AC0E-8A8B1E94D119}.DebugAS|x64.Build.0 = Debug|x64
		{948F6C8F-B11C-4E84-AC0E-8A8B1E94D119}.DebugUD|x64.ActiveCfg = Debug|x64
		{948F6C8F-B11C-4E84-AC0E-8A8B1E94D119}.DebugUD|x64.Build.0 = Debug|x64
		{948F6C8F-B11C-4E84-AC0E-8A8B1E94D119}.DebugUS|x64.ActiveCfg = Debug|x64
		{948F6C8F-B11C-4E84-AC0E-8A8B1E94D119}.DebugUS|x64.Build.0 = Debug|x64
		{948F6C8F-B11C-4E84-AC0E-8A8B1E94D119}.Profile|x64.ActiveCfg = Release|x64
		{948F6C8F-B11C-4E84-AC0E-8A8B1E94D119}.Profile|x64.Build.0 = Release|x64
		{948F6C8F-B11C-4E84-AC0E-8A8B1E94D119}.Release|x64.ActiveCfg = Release|x64
		{948F6C8F-B11C-4E84-AC0E-8A8B1E94D119}.Release|x64.Build.0 = Release|x64
		{948F6C8F-B11C-4E84-AC0E-8A8B1E94D119}.ReleaseAD|x64.ActiveCfg = Release|x64
		{948F6C8F-B11C-4E84-AC0E-8A8B1E94D119}.ReleaseAD|x64.Build.0 = Release|x64
		{948F6C8F-B11C-4E84-AC0E-8A8B1E94D119}.ReleaseAS|x64.ActiveCfg = Release|x64
		{948F6C8F-B11C-4E84-AC0E-8A8B1E94D119}.ReleaseAS|x64.Build.0 = Release|x64
		{948F6C8F-B11C-4E84-AC0E-8A8B1E94D119}.ReleaseUD|x64.ActiveCfg = Release|x64
		{948F6C8F-B11C-4E84-AC0E-8A8B1E94D119}.ReleaseUD|x64.Build.0 = Release|x64
		{948F6C8F-B11C-4E84-AC0E-8A8B1E94D119}.ReleaseUS|x64.ActiveCfg = Release|x64
		{948F6C8F-B11C-4E84-AC0E-8A8B1E94D119}.ReleaseUS|x64.Build.0 = Release|x64
		{BFF7E83B-ACD0-447F-A4DE-A11D726ACAE1}.Debug|x64.ActiveCfg = Debug|x64
		{BFF7E83B-ACD0-447F-A4DE-A11D726ACAE1}.Debug|x64.Build.0 = Debug|x64
		{BFF7E83B-ACD0-447F-A4DE-A11D726ACAE1}.DebugAD|x64.ActiveCfg = Debug|x64
		{BFF7E83B-ACD0-447F-A4DE-A11D726ACAE1}.DebugAD|x64.Build.0 = Debug|x64
		{BFF7E83B-ACD0-447F-A4DE-A11D726ACAE1}.DebugAS|x64.ActiveCfg = Debug|x64
		{BFF7E83B-ACD0-447F-A4DE-A11D726ACAE1}.DebugAS|x64.Build.0 = Debug|x64
		{BFF7E83B-ACD0-447F-A4DE-A11D726ACAE1}.DebugUD|x64.ActiveCfg = Debug|x64
		{BFF7E83B-ACD0-447F-A4DE-A11D726ACAE1}.DebugUD|x64.Build.0 = Debug|x64
		{BFF7E83B-ACD0-447F-A4DE-A11D726ACAE1}.DebugUS|x64.ActiveCfg = Debug|x64
		{BFF7E83B-ACD0-447F-A4DE-A11D726ACAE1}.DebugUS|x64.Build.0 = Debug|x64
		{BFF7E83B-ACD0-447F-A4DE-A11D726ACAE1}.Profile|x64.ActiveCfg = Release|x64
		{BFF7E83B-ACD0-447F-A4DE-A11D726ACAE1}.Profile|x64.Build.0 = Release|x64
		{BFF7E83B-ACD0-447F-A4DE-A11D726ACAE1}.Release|x64.ActiveCfg = Release|x64
		{BFF7E83B-ACD0-447F-A4DE-A11D726ACAE1}.Release|x64.Build.0 = Release|x64
		{BFF7E83B-ACD0-447F-A4DE-A11D726ACAE1}.ReleaseAD|x64.ActiveCfg = Release|x64
		{BFF7E83B-ACD0-447F-A4DE-A11D726ACAE1}.ReleaseAD|x64.Build.0 = Release|x64
		{BFF7E83B-ACD0-447F-A4DE-A11D726ACAE1}.ReleaseAS|x64.ActiveCfg = Release|x64
		{BFF7E83B-ACD0-447F-A4DE-A11D726ACAE1}.ReleaseAS|x64.Build.0 = Release|x64
		{BFF7E83B-ACD0-447F-A4DE-A11D726ACAE1}.ReleaseUD|x64.ActiveCfg = Release|x64
		{BFF7E83B-ACD0-447F-A4DE-A11D726ACAE1}.ReleaseUD|x64.Build.0 = Release|x64
		{BFF7E83B-ACD0-447F-A4DE-A11D726ACAE1}.ReleaseUS|x64.ActiveCfg = Release|x64
		{BFF7E83B-ACD0-447F-A4DE-A11D726ACAE1}.ReleaseUS|x64.Build.0 = Release|x64
		{371B9FA9-4C90-4AC6-A123-ACED756D6C77}.Debug|x64.ActiveCfg = Debug|x64
		{371B9FA9-4C90-4AC6-A123-ACED756D6C77}.Debug|x64.Build.0 = Debug|x64
		{371B9FA9-4C90-4AC6-A123-ACED756D6C77}.DebugAD|x64.ActiveCfg = Debug|x64
		{371B9FA9-4C90-4AC6-A123-ACED756D6C77}.DebugAD|x64.Build.0 = Debug|x64
		{371B9FA9-4C90-4AC6-A123-ACED756D6C77}.DebugAS|x64.ActiveCfg = Debug|x64
		{371B9FA9-4C90-4AC6-A123-ACED756D6C77}.DebugAS|x64.Build.0 = Debug|x64
		{371B9FA9-4C90-4AC6-A123-ACED756D6C77}.DebugUD|x64.ActiveCfg = Debug|x64
		{371B9FA9-4C90-4AC6-A123-ACED756D6C77}.DebugUD|x64.Build.0 = Debug|x64
		{371B9FA9-4C90-4AC6-A123-ACED756D6C77}.DebugUS|x64.ActiveCfg = Debug|x64
		{371B9FA9-4C90-4AC6-A123-ACED756D6C77}.DebugUS|x64.Build.0 = Debug|x64
		{371B9FA9-4C90-4AC6-A123-ACED756D6C77}.Profile|x64.ActiveCfg = Profile|x64
		{371B9FA9-4C90-4AC6-A123-ACED756D6C77}.Profile|x64.Build.0 = Profile|x64
		{371B9FA9-4C90-4AC6-A123-ACED756D6C77}.Release|x64.ActiveCfg = Release|x64
		{371B9FA9-4C90-4AC6-A123-ACED756D6C77}.Release|x64.Build.0 = Release|x64
		{371B9FA9-4C90-4AC6-A123-ACED756D6C77}.ReleaseAD|x64.ActiveCfg = Release|x64
		{371B9FA9-4C90-4AC6-A123-ACED756D6C77}.ReleaseAD|x64.Build.0 = Release|x64
		{371B9FA9-4C90-4AC6-A123-ACED756D6C77}.ReleaseAS|x64.ActiveCfg = Release|x64
		{371B9FA9-4C90-4AC6-A123-ACED756D6C77}.ReleaseAS|x64.Build.0 = Release|x64
		{371B9FA9-4C90-4AC6-A123-ACED756D6C77}.ReleaseUD|x64.ActiveCfg = Release|x64
		{371B9FA9-4C90-4AC6-A123-ACED756D6C77}.ReleaseUD|x64.Build.0 = Release|x64
		{371B9FA9-4C90-4AC6-A123-ACED756D6C77}.ReleaseUS|x64.ActiveCfg = Release|x64
		{371B9FA9-4C90-4AC6-A123-ACED756D6C77}.ReleaseUS|x64.Build.0 = Release|x64
		{4CEFBC84-C215-11DB-8314-0800200C9A66}.Debug|x64.ActiveCfg = Debug|x64
		{4CEFBC84-C215-11DB-8314-0800200C9A66}.Debug|x64.Build.0 = Debug|x64
		{4CEFBC84-C215-11DB-8314-0800200C9A66}.DebugAD|x64.ActiveCfg = Debug|x64
		{4CEFBC84-C215-11DB-8314-0800200C9A66}.DebugAD|x64.Build.0 = Debug|x64
		{4CEFBC84-C215-11DB-8314-0800200C9A66}.DebugAS|x64.ActiveCfg = Debug|x64
		{4CEFBC84-C215-11DB-8314-0800200C9A66}.DebugAS|x64.Build.0 = Debug|x64
		{4CEFBC84-C215-11DB-8314-0800200C9A66}.DebugUD|x64.ActiveCfg = Debug|x64
		{4CEFBC84-C215-11DB-8314-0800200C9A66}.DebugUD|x64.Build.0 = Debug|x64
		{4CEFBC84-C215-11DB-8314-0800200C9A66}.DebugUS|x64.ActiveCfg = Debug|x64
		{4CEFBC84-C215-11DB-8314-0800200C9A66}.DebugUS|x64.Build.0 = Debug|x64
		{4CEFBC84-C215-11DB-8314-0800200C9A66}.Profile|x64.ActiveCfg = Release|x64
		{4CEFBC84-C215-11DB-8314-0800200C9A66}.Profile|x64.Build.0 = Release|x64
		{4CEFBC84-C215-11DB-8314-0800200C9A66}.Release|x64.ActiveCfg = Release|x64
		{4CEFBC84-C215-11DB-8314-0800200C9A66}.Release|x64.Build.0 = Release|x64
		{4CEFBC84-C215-11DB-8314-0800200C9A66}.ReleaseAD|x64.ActiveCfg = Release|x64
		{4CEFBC84-C215-11DB-8314-0800200C9A66}.ReleaseAD|x64.Build.0 = Release|x64
		{4CEFBC84-C215-11DB-8314-0800200C9A66}.ReleaseAS|x64.ActiveCfg = Release|x64
		{4CEFBC84-C215-11DB-8314-0800200C9A66}.ReleaseAS|x64.Build.0 = Release|x64
		{4CEFBC84-C215-11DB-8314-0800200C9A66}.ReleaseUD|x64.ActiveCfg = Release|x64
		{4CEFBC84-C215-11DB-8314-0800200C9A66}.ReleaseUD|x64.Build.0 = Release|x64
		{4CEFBC84-C215-11DB-8314-0800200C9A66}.ReleaseUS|x64.ActiveCfg = Release|x64
		{4CEFBC84-C215-11DB-8314-0800200C9A66}.ReleaseUS|x64.Build.0 = Release|x64
		{6857F086-F6FE-4150-9ED7-7446F1C1C220}.Debug|x64.ActiveCfg = Debug|x64
		{6857F086-F6FE-4150-9ED7-7446F1C1C220}.Debug|x64.Build.0 = Debug|x64
		{6857F086-F6FE-4150-9ED7-7446F1C1C220}.DebugAD|x64.ActiveCfg = Debug|x64
		{6857F086-F6FE-4150-9ED7-7446F1C1C220}.DebugAD|x64.Build.0 = Debug|x64
		{6857F086-F6FE-4150-9ED7-7446F1C1C220}.DebugAS|x64.ActiveCfg = Debug|x64
		{6857F086-F6FE-4150-9ED7-7446F1C1C220}.DebugAS|x64.Build.0 = Debug|x64
		{6857F086-F6FE-4150-9ED7-7446F1C1C220}.DebugUD|x64.ActiveCfg = Debug|x64
		{6857F086-F6FE-4150-9ED7-7446F1C1C220}.DebugUD|x64.Build.0 = Debug|x64
		{6857F086-F6FE-4150-9ED7-7446F1C1C220}.DebugUS|x64.ActiveCfg = Debug|x64
		{6857F086-F6FE-4150-9ED7-7446F1C1C220}.DebugUS|x64.Build.0 = Debug|x64
		{6857F086-F6FE-4150-9ED7-7446F1C1C220}.Profile|x64.ActiveCfg = Profile|x64
		{6857F086-F6FE-4150-9ED7-7446F1C1C220}.Profile|x64.Build.0 = Profile|x64
		{6857F086-F6FE-4150-9ED7-7446F1C1C220}.Release|x64.ActiveCfg = Release|x64
		{6857F086-F6FE-4150-9ED7-7446F1C1C220}.Release|x64.Build.0 = Release|x64
		{6857F086-F6FE-4150-9ED7-7446F1C1C220}.ReleaseAD|x64.ActiveCfg = Release|x64
		{6857F086-F6FE-4150-9ED7-7446F1C1C220}.ReleaseAD|x64.Build.0 = Release|x64
		{6857F086-F6FE-4150-9ED7-7446F1C1C220}.ReleaseAS|x64.ActiveCfg = Release|x64
		{6857F086-F6FE-4150-9ED7-7446F1C1C220}.ReleaseAS|x64.Build.0 = Release|x64
		{6857F086-F6FE-4150-9ED7-7446F1C1C220}.ReleaseUD|x64.ActiveCfg = Release|x64
		{6857F086-F6FE-4150-9ED7-7446F1C1C220}.ReleaseUD|x64.Build.0 = Release|x64
		{6857F086-F6FE-4150-9ED7-7446F1C1C220}.ReleaseUS|x64.ActiveCfg = Release|x64
		{6857F086-F6FE-4150-9ED7-7446F1C1C220}.ReleaseUS|x64.Build.0 = Release|x64
		{78424708-1F6E-4D4B-920C-FB6D26847055}.Debug|x64.ActiveCfg = DebugAS|x64
		{78424708-1F6E-4D4B-920C-FB6D26847055}.DebugAD|x64.ActiveCfg = DebugAD|x64
		{78424708-1F6E-4D4B-920C-FB6D26847055}.DebugAD|x64.Build.0 = DebugAD|x64
		{78424708-1F6E-4D4B-920C-FB6D26847055}.DebugAS|x64.ActiveCfg = DebugAS|x64
		{78424708-1F6E-4D4B-920C-FB6D26847055}.DebugAS|x64.Build.0 = DebugAS|x64
		{78424708-1F6E-4D4B-920C-FB6D26847055}.DebugUD|x64.ActiveCfg = DebugUD|x64
		{78424708-1F6E-4D4B-920C-FB6D26847055}.DebugUD|x64.Build.0 = DebugUD|x64
		{78424708-1F6E-4D4B-920C-FB6D26847055}.DebugUS|x64.ActiveCfg = DebugUS|x64
		{78424708-1F6E-4D4B-920C-FB6D26847055}.DebugUS|x64.Build.0 = DebugUS|x64
		{78424708-1F6E-4D4B-920C-FB6D26847055}.Profile|x64.ActiveCfg = ReleaseAD|x64
		{78424708-1F6E-4D4B-920C-FB6D26847055}.Profile|x64.Build.0 = ReleaseAD|x64
		{78424708-1F6E-4D4B-920C-FB6D26847055}.Release|x64.ActiveCfg = ReleaseAS|x64
		{78424708-1F6E-4D4B-920C-FB6D26847055}.Release|x64.Build.0 = ReleaseAS|x64
		{78424708-1F6E-4D4B-920C-FB6D26847055}.ReleaseAD|x64.ActiveCfg = ReleaseAD|x64
		{78424708-1F6E-4D4B-920C-FB6D26847055}.ReleaseAD|x64.Build.0 = ReleaseAD|x64
		{78424708-1F6E-4D4B-920C-FB6D26847055}.ReleaseAS|x64.ActiveCfg = ReleaseAS|x64
		{78424708-1F6E-4D4B-920C-FB6D26847055}.ReleaseAS|x64.Build.0 = ReleaseAS|x64
		{78424708-1F6E-4D4B-920C-FB6D26847055}.ReleaseUD|x64.ActiveCfg = ReleaseUD|x64
		{78424708-1F6E-4D4B-920C-FB6D26847055}.ReleaseUD|x64.Build.0 = ReleaseUD|x64
		{78424708-1F6E-4D4B-920C-FB6D26847055}.ReleaseUS|x64.ActiveCfg = ReleaseUS|x64
		{78424708-1F6E-4D4B-920C-FB6D26847055}.ReleaseUS|x64.Build.0 = ReleaseUS|x64
	EndGlobalSection
	GlobalSection(SolutionProperties) = preSolution
		HideSolutionNode = FALSE
	EndGlobalSection
	GlobalSection(ExtensibilityGlobals) = postSolution
		SolutionGuid = {90123070-A773-4195-8077-C939F9D50ED6}
	EndGlobalSection
EndGlobal
