
Microsoft Visual Studio Solution File, Format Version 12.00
# Visual Studio Version 16
VisualStudioVersion = 16.0.31729.503
MinimumVisualStudioVersion = 10.0.40219.1
Project("{8BC9CEB8-8B4A-11D0-8D11-00A0C91BC942}") = "WraithXCOD", "WraithXCOD\WraithXCOD.vcxproj", "{948F6C8F-B11C-4E84-AC0E-8A8B1E94D119}"
EndProject
Project("{8BC9CEB8-8B4A-11D0-8D11-00A0C91BC942}") = "WraithX", "..\WraithX\WraithX\WraithX.vcxproj", "{BFF7E83B-ACD0-447F-A4DE-A11D726ACAE1}"
EndProject
Project("{8BC9CEB8-8B4A-11D0-8D11-00A0C91BC942}") = "libFLAC_static", "..\WraithX\ExternalDeps\Flac1.3.2\src\libFLAC\libFLAC_static.vcxproj", "{4CEFBC84-C215-11DB-8314-0800200C9A66}"
EndProject
Project("{8BC9CEB8-8B4A-11D0-8D11-00A0C91BC942}") = "opus", "..\External\Opus\win32\VS2015\opus.vcxproj", "{219EC965-228A-1824-174D-96449D05F88A}"
EndProject
Project("{8BC9CEB8-8B4A-11D0-8D11-00A0C91BC942}") = "DirectXTex", "..\External\DirectXTex\DirectXTex\DirectXTex_Desktop_2019_Win10.vcxproj", "{371B9FA9-4C90-4AC6-A123-ACED756D6C77}"
EndProject
Global
	GlobalSection(SolutionConfigurationPlatforms) = preSolution
		Debug|ARM64 = Debug|ARM64
		Debug|x64 = Debug|x64
		Debug|x86 = Debug|x86
		DebugAD|ARM64 = DebugAD|ARM64
		DebugAD|x64 = DebugAD|x64
		DebugAD|x86 = DebugAD|x86
		DebugAS|ARM64 = DebugAS|ARM64
		DebugAS|x64 = DebugAS|x64
		DebugAS|x86 = DebugAS|x86
		DebugDLL_fixed|ARM64 = DebugDLL_fixed|ARM64
		DebugDLL_fixed|x64 = DebugDLL_fixed|x64
		DebugDLL_fixed|x86 = DebugDLL_fixed|x86
		DebugDLL|ARM64 = DebugDLL|ARM64
		DebugDLL|x64 = DebugDLL|x64
		DebugDLL|x86 = DebugDLL|x86
		DebugUD|ARM64 = DebugUD|ARM64
		DebugUD|x64 = DebugUD|x64
		DebugUD|x86 = DebugUD|x86
		DebugUS|ARM64 = DebugUS|ARM64
		DebugUS|x64 = DebugUS|x64
		DebugUS|x86 = DebugUS|x86
		Profile|ARM64 = Profile|ARM64
		Profile|x64 = Profile|x64
		Profile|x86 = Profile|x86
		Release|ARM64 = Release|ARM64
		Release|x64 = Release|x64
		Release|x86 = Release|x86
		ReleaseAD|ARM64 = ReleaseAD|ARM64
		ReleaseAD|x64 = ReleaseAD|x64
		ReleaseAD|x86 = ReleaseAD|x86
		ReleaseAS|ARM64 = ReleaseAS|ARM64
		ReleaseAS|x64 = ReleaseAS|x64
		ReleaseAS|x86 = ReleaseAS|x86
		ReleaseDLL_fixed|ARM64 = ReleaseDLL_fixed|ARM64
		ReleaseDLL_fixed|x64 = ReleaseDLL_fixed|x64
		ReleaseDLL_fixed|x86 = ReleaseDLL_fixed|x86
		ReleaseDLL|ARM64 = ReleaseDLL|ARM64
		ReleaseDLL|x64 = ReleaseDLL|x64
		ReleaseDLL|x86 = ReleaseDLL|x86
		ReleaseUD|ARM64 = ReleaseUD|ARM64
		ReleaseUD|x64 = ReleaseUD|x64
		ReleaseUD|x86 = ReleaseUD|x86
		ReleaseUS|ARM64 = ReleaseUS|ARM64
		ReleaseUS|x64 = ReleaseUS|x64
		ReleaseUS|x86 = ReleaseUS|x86
	EndGlobalSection
	GlobalSection(ProjectConfigurationPlatforms) = postSolution
		{948F6C8F-B11C-4E84-AC0E-8A8B1E94D119}.Debug|ARM64.ActiveCfg = Debug|x64
		{948F6C8F-B11C-4E84-AC0E-8A8B1E94D119}.Debug|ARM64.Build.0 = Debug|x64
		{948F6C8F-B11C-4E84-AC0E-8A8B1E94D119}.Debug|x64.ActiveCfg = Debug|x64
		{948F6C8F-B11C-4E84-AC0E-8A8B1E94D119}.Debug|x64.Build.0 = Debug|x64
		{948F6C8F-B11C-4E84-AC0E-8A8B1E94D119}.Debug|x86.ActiveCfg = Debug|x64
		{948F6C8F-B11C-4E84-AC0E-8A8B1E94D119}.DebugAD|ARM64.ActiveCfg = Release|x64
		{948F6C8F-B11C-4E84-AC0E-8A8B1E94D119}.DebugAD|ARM64.Build.0 = Release|x64
		{948F6C8F-B11C-4E84-AC0E-8A8B1E94D119}.DebugAD|x64.ActiveCfg = Debug|x64
		{948F6C8F-B11C-4E84-AC0E-8A8B1E94D119}.DebugAD|x64.Build.0 = Debug|x64
		{948F6C8F-B11C-4E84-AC0E-8A8B1E94D119}.DebugAD|x86.ActiveCfg = Release|x64
		{948F6C8F-B11C-4E84-AC0E-8A8B1E94D119}.DebugAD|x86.Build.0 = Release|x64
		{948F6C8F-B11C-4E84-AC0E-8A8B1E94D119}.DebugAS|ARM64.ActiveCfg = Release|x64
		{948F6C8F-B11C-4E84-AC0E-8A8B1E94D119}.DebugAS|ARM64.Build.0 = Release|x64
		{948F6C8F-B11C-4E84-AC0E-8A8B1E94D119}.DebugAS|x64.ActiveCfg = Debug|x64
		{948F6C8F-B11C-4E84-AC0E-8A8B1E94D119}.DebugAS|x64.Build.0 = Debug|x64
		{948F6C8F-B11C-4E84-AC0E-8A8B1E94D119}.DebugAS|x86.ActiveCfg = Release|x64
		{948F6C8F-B11C-4E84-AC0E-8A8B1E94D119}.DebugAS|x86.Build.0 = Release|x64
		{948F6C8F-B11C-4E84-AC0E-8A8B1E94D119}.DebugDLL_fixed|ARM64.ActiveCfg = Release|x64
		{948F6C8F-B11C-4E84-AC0E-8A8B1E94D119}.DebugDLL_fixed|ARM64.Build.0 = Release|x64
		{948F6C8F-B11C-4E84-AC0E-8A8B1E94D119}.DebugDLL_fixed|x64.ActiveCfg = Debug|x64
		{948F6C8F-B11C-4E84-AC0E-8A8B1E94D119}.DebugDLL_fixed|x64.Build.0 = Debug|x64
		{948F6C8F-B11C-4E84-AC0E-8A8B1E94D119}.DebugDLL_fixed|x86.ActiveCfg = Release|x64
		{948F6C8F-B11C-4E84-AC0E-8A8B1E94D119}.DebugDLL_fixed|x86.Build.0 = Release|x64
		{948F6C8F-B11C-4E84-AC0E-8A8B1E94D119}.DebugDLL|ARM64.ActiveCfg = Release|x64
		{948F6C8F-B11C-4E84-AC0E-8A8B1E94D119}.DebugDLL|ARM64.Build.0 = Release|x64
		{948F6C8F-B11C-4E84-AC0E-8A8B1E94D119}.DebugDLL|x64.ActiveCfg = Debug|x64
		{948F6C8F-B11C-4E84-AC0E-8A8B1E94D119}.DebugDLL|x64.Build.0 = Debug|x64
		{948F6C8F-B11C-4E84-AC0E-8A8B1E94D119}.DebugDLL|x86.ActiveCfg = Release|x64
		{948F6C8F-B11C-4E84-AC0E-8A8B1E94D119}.DebugDLL|x86.Build.0 = Release|x64
		{948F6C8F-B11C-4E84-AC0E-8A8B1E94D119}.DebugUD|ARM64.ActiveCfg = Release|x64
		{948F6C8F-B11C-4E84-AC0E-8A8B1E94D119}.DebugUD|ARM64.Build.0 = Release|x64
		{948F6C8F-B11C-4E84-AC0E-8A8B1E94D119}.DebugUD|x64.ActiveCfg = Debug|x64
		{948F6C8F-B11C-4E84-AC0E-8A8B1E94D119}.DebugUD|x64.Build.0 = Debug|x64
		{948F6C8F-B11C-4E84-AC0E-8A8B1E94D119}.DebugUD|x86.ActiveCfg = Release|x64
		{948F6C8F-B11C-4E84-AC0E-8A8B1E94D119}.DebugUD|x86.Build.0 = Release|x64
		{948F6C8F-B11C-4E84-AC0E-8A8B1E94D119}.DebugUS|ARM64.ActiveCfg = Release|x64
		{948F6C8F-B11C-4E84-AC0E-8A8B1E94D119}.DebugUS|ARM64.Build.0 = Release|x64
		{948F6C8F-B11C-4E84-AC0E-8A8B1E94D119}.DebugUS|x64.ActiveCfg = Debug|x64
		{948F6C8F-B11C-4E84-AC0E-8A8B1E94D119}.DebugUS|x64.Build.0 = Debug|x64
		{948F6C8F-B11C-4E84-AC0E-8A8B1E94D119}.DebugUS|x86.ActiveCfg = Release|x64
		{948F6C8F-B11C-4E84-AC0E-8A8B1E94D119}.DebugUS|x86.Build.0 = Release|x64
		{948F6C8F-B11C-4E84-AC0E-8A8B1E94D119}.Profile|ARM64.ActiveCfg = Release|x64
		{948F6C8F-B11C-4E84-AC0E-8A8B1E94D119}.Profile|ARM64.Build.0 = Release|x64
		{948F6C8F-B11C-4E84-AC0E-8A8B1E94D119}.Profile|x64.ActiveCfg = Release|x64
		{948F6C8F-B11C-4E84-AC0E-8A8B1E94D119}.Profile|x64.Build.0 = Release|x64
		{948F6C8F-B11C-4E84-AC0E-8A8B1E94D119}.Profile|x86.ActiveCfg = Release|x64
		{948F6C8F-B11C-4E84-AC0E-8A8B1E94D119}.Profile|x86.Build.0 = Release|x64
		{948F6C8F-B11C-4E84-AC0E-8A8B1E94D119}.Release|ARM64.ActiveCfg = Release|x64
		{948F6C8F-B11C-4E84-AC0E-8A8B1E94D119}.Release|ARM64.Build.0 = Release|x64
		{948F6C8F-B11C-4E84-AC0E-8A8B1E94D119}.Release|x64.ActiveCfg = Release|x64
		{948F6C8F-B11C-4E84-AC0E-8A8B1E94D119}.Release|x64.Build.0 = Release|x64
		{948F6C8F-B11C-4E84-AC0E-8A8B1E94D119}.Release|x86.ActiveCfg = Release|x64
		{948F6C8F-B11C-4E84-AC0E-8A8B1E94D119}.ReleaseAD|ARM64.ActiveCfg = Release|x64
		{948F6C8F-B11C-4E84-AC0E-8A8B1E94D119}.ReleaseAD|ARM64.Build.0 = Release|x64
		{948F6C8F-B11C-4E84-AC0E-8A8B1E94D119}.ReleaseAD|x64.ActiveCfg = Release|x64
		{948F6C8F-B11C-4E84-AC0E-8A8B1E94D119}.ReleaseAD|x64.Build.0 = Release|x64
		{948F6C8F-B11C-4E84-AC0E-8A8B1E94D119}.ReleaseAD|x86.ActiveCfg = Release|x64
		{948F6C8F-B11C-4E84-AC0E-8A8B1E94D119}.ReleaseAD|x86.Build.0 = Release|x64
		{948F6C8F-B11C-4E84-AC0E-8A8B1E94D119}.ReleaseAS|ARM64.ActiveCfg = Release|x64
		{948F6C8F-B11C-4E84-AC0E-8A8B1E94D119}.ReleaseAS|ARM64.Build.0 = Release|x64
		{948F6C8F-B11C-4E84-AC0E-8A8B1E94D119}.ReleaseAS|x64.ActiveCfg = Release|x64
		{948F6C8F-B11C-4E84-AC0E-8A8B1E94D119}.ReleaseAS|x64.Build.0 = Release|x64
		{948F6C8F-B11C-4E84-AC0E-8A8B1E94D119}.ReleaseAS|x86.ActiveCfg = Release|x64
		{948F6C8F-B11C-4E84-AC0E-8A8B1E94D119}.ReleaseAS|x86.Build.0 = Release|x64
		{948F6C8F-B11C-4E84-AC0E-8A8B1E94D119}.ReleaseDLL_fixed|ARM64.ActiveCfg = Release|x64
		{948F6C8F-B11C-4E84-AC0E-8A8B1E94D119}.ReleaseDLL_fixed|ARM64.Build.0 = Release|x64
		{948F6C8F-B11C-4E84-AC0E-8A8B1E94D119}.ReleaseDLL_fixed|x64.ActiveCfg = Release|x64
		{948F6C8F-B11C-4E84-AC0E-8A8B1E94D119}.ReleaseDLL_fixed|x64.Build.0 = Release|x64
		{948F6C8F-B11C-4E84-AC0E-8A8B1E94D119}.ReleaseDLL_fixed|x86.ActiveCfg = Release|x64
		{948F6C8F-B11C-4E84-AC0E-8A8B1E94D119}.ReleaseDLL_fixed|x86.Build.0 = Release|x64
		{948F6C8F-B11C-4E84-AC0E-8A8B1E94D119}.ReleaseDLL|ARM64.ActiveCfg = Release|x64
		{948F6C8F-B11C-4E84-AC0E-8A8B1E94D119}.ReleaseDLL|ARM64.Build.0 = Release|x64
		{948F6C8F-B11C-4E84-AC0E-8A8B1E94D119}.ReleaseDLL|x64.ActiveCfg = Release|x64
		{948F6C8F-B11C-4E84-AC0E-8A8B1E94D119}.ReleaseDLL|x64.Build.0 = Release|x64
		{948F6C8F-B11C-4E84-AC0E-8A8B1E94D119}.ReleaseDLL|x86.ActiveCfg = Release|x64
		{948F6C8F-B11C-4E84-AC0E-8A8B1E94D119}.ReleaseDLL|x86.Build.0 = Release|x64
		{948F6C8F-B11C-4E84-AC0E-8A8B1E94D119}.ReleaseUD|ARM64.ActiveCfg = Release|x64
		{948F6C8F-B11C-4E84-AC0E-8A8B1E94D119}.ReleaseUD|ARM64.Build.0 = Release|x64
		{948F6C8F-B11C-4E84-AC0E-8A8B1E94D119}.ReleaseUD|x64.ActiveCfg = Release|x64
		{948F6C8F-B11C-4E84-AC0E-8A8B1E94D119}.ReleaseUD|x64.Build.0 = Release|x64
		{948F6C8F-B11C-4E84-AC0E-8A8B1E94D119}.ReleaseUD|x86.ActiveCfg = Release|x64
		{948F6C8F-B11C-4E84-AC0E-8A8B1E94D119}.ReleaseUD|x86.Build.0 = Release|x64
		{948F6C8F-B11C-4E84-AC0E-8A8B1E94D119}.ReleaseUS|ARM64.ActiveCfg = Release|x64
		{948F6C8F-B11C-4E84-AC0E-8A8B1E94D119}.ReleaseUS|ARM64.Build.0 = Release|x64
		{948F6C8F-B11C-4E84-AC0E-8A8B1E94D119}.ReleaseUS|x64.ActiveCfg = Release|x64
		{948F6C8F-B11C-4E84-AC0E-8A8B1E94D119}.ReleaseUS|x64.Build.0 = Release|x64
		{948F6C8F-B11C-4E84-AC0E-8A8B1E94D119}.ReleaseUS|x86.ActiveCfg = Release|x64
		{948F6C8F-B11C-4E84-AC0E-8A8B1E94D119}.ReleaseUS|x86.Build.0 = Release|x64
		{BFF7E83B-ACD0-447F-A4DE-A11D726ACAE1}.Debug|ARM64.ActiveCfg = Debug|x64
		{BFF7E83B-ACD0-447F-A4DE-A11D726ACAE1}.Debug|ARM64.Build.0 = Debug|x64
		{BFF7E83B-ACD0-447F-A4DE-A11D726ACAE1}.Debug|x64.ActiveCfg = Debug|x64
		{BFF7E83B-ACD0-447F-A4DE-A11D726ACAE1}.Debug|x64.Build.0 = Debug|x64
		{BFF7E83B-ACD0-447F-A4DE-A11D726ACAE1}.Debug|x86.ActiveCfg = Debug|x64
		{BFF7E83B-ACD0-447F-A4DE-A11D726ACAE1}.DebugAD|ARM64.ActiveCfg = Release|x64
		{BFF7E83B-ACD0-447F-A4DE-A11D726ACAE1}.DebugAD|ARM64.Build.0 = Release|x64
		{BFF7E83B-ACD0-447F-A4DE-A11D726ACAE1}.DebugAD|x64.ActiveCfg = Debug|x64
		{BFF7E83B-ACD0-447F-A4DE-A11D726ACAE1}.DebugAD|x64.Build.0 = Debug|x64
		{BFF7E83B-ACD0-447F-A4DE-A11D726ACAE1}.DebugAD|x86.ActiveCfg = Release|x64
		{BFF7E83B-ACD0-447F-A4DE-A11D726ACAE1}.DebugAD|x86.Build.0 = Release|x64
		{BFF7E83B-ACD0-447F-A4DE-A11D726ACAE1}.DebugAS|ARM64.ActiveCfg = Release|x64
		{BFF7E83B-ACD0-447F-A4DE-A11D726ACAE1}.DebugAS|ARM64.Build.0 = Release|x64
		{BFF7E83B-ACD0-447F-A4DE-A11D726ACAE1}.DebugAS|x64.ActiveCfg = Debug|x64
		{BFF7E83B-ACD0-447F-A4DE-A11D726ACAE1}.DebugAS|x64.Build.0 = Debug|x64
		{BFF7E83B-ACD0-447F-A4DE-A11D726ACAE1}.DebugAS|x86.ActiveCfg = Release|x64
		{BFF7E83B-ACD0-447F-A4DE-A11D726ACAE1}.DebugAS|x86.Build.0 = Release|x64
		{BFF7E83B-ACD0-447F-A4DE-A11D726ACAE1}.DebugDLL_fixed|ARM64.ActiveCfg = Release|x64
		{BFF7E83B-ACD0-447F-A4DE-A11D726ACAE1}.DebugDLL_fixed|ARM64.Build.0 = Release|x64
		{BFF7E83B-ACD0-447F-A4DE-A11D726ACAE1}.DebugDLL_fixed|x64.ActiveCfg = Debug|x64
		{BFF7E83B-ACD0-447F-A4DE-A11D726ACAE1}.DebugDLL_fixed|x64.Build.0 = Debug|x64
		{BFF7E83B-ACD0-447F-A4DE-A11D726ACAE1}.DebugDLL_fixed|x86.ActiveCfg = Release|x64
		{BFF7E83B-ACD0-447F-A4DE-A11D726ACAE1}.DebugDLL_fixed|x86.Build.0 = Release|x64
		{BFF7E83B-ACD0-447F-A4DE-A11D726ACAE1}.DebugDLL|ARM64.ActiveCfg = Release|x64
		{BFF7E83B-ACD0-447F-A4DE-A11D726ACAE1}.DebugDLL|ARM64.Build.0 = Release|x64
		{BFF7E83B-ACD0-447F-A4DE-A11D726ACAE1}.DebugDLL|x64.ActiveCfg = Debug|x64
		{BFF7E83B-ACD0-447F-A4DE-A11D726ACAE1}.DebugDLL|x64.Build.0 = Debug|x64
		{BFF7E83B-ACD0-447F-A4DE-A11D726ACAE1}.DebugDLL|x86.ActiveCfg = Release|x64
		{BFF7E83B-ACD0-447F-A4DE-A11D726ACAE1}.DebugDLL|x86.Build.0 = Release|x64
		{BFF7E83B-ACD0-447F-A4DE-A11D726ACAE1}.DebugUD|ARM64.ActiveCfg = Release|x64
		{BFF7E83B-ACD0-447F-A4DE-A11D726ACAE1}.DebugUD|ARM64.Build.0 = Release|x64
		{BFF7E83B-ACD0-447F-A4DE-A11D726ACAE1}.DebugUD|x64.ActiveCfg = Debug|x64
		{BFF7E83B-ACD0-447F-A4DE-A11D726ACAE1}.DebugUD|x64.Build.0 = Debug|x64
		{BFF7E83B-ACD0-447F-A4DE-A11D726ACAE1}.DebugUD|x86.ActiveCfg = Release|x64
		{BFF7E83B-ACD0-447F-A4DE-A11D726ACAE1}.DebugUD|x86.Build.0 = Release|x64
		{BFF7E83B-ACD0-447F-A4DE-A11D726ACAE1}.DebugUS|ARM64.ActiveCfg = Release|x64
		{BFF7E83B-ACD0-447F-A4DE-A11D726ACAE1}.DebugUS|ARM64.Build.0 = Release|x64
		{BFF7E83B-ACD0-447F-A4DE-A11D726ACAE1}.DebugUS|x64.ActiveCfg = Debug|x64
		{BFF7E83B-ACD0-447F-A4DE-A11D726ACAE1}.DebugUS|x64.Build.0 = Debug|x64
		{BFF7E83B-ACD0-447F-A4DE-A11D726ACAE1}.DebugUS|x86.ActiveCfg = Release|x64
		{BFF7E83B-ACD0-447F-A4DE-A11D726ACAE1}.DebugUS|x86.Build.0 = Release|x64
		{BFF7E83B-ACD0-447F-A4DE-A11D726ACAE1}.Profile|ARM64.ActiveCfg = Release|x64
		{BFF7E83B-ACD0-447F-A4DE-A11D726ACAE1}.Profile|ARM64.Build.0 = Release|x64
		{BFF7E83B-ACD0-447F-A4DE-A11D726ACAE1}.Profile|x64.ActiveCfg = Release|x64
		{BFF7E83B-ACD0-447F-A4DE-A11D726ACAE1}.Profile|x64.Build.0 = Release|x64
		{BFF7E83B-ACD0-447F-A4DE-A11D726ACAE1}.Profile|x86.ActiveCfg = Release|x64
		{BFF7E83B-ACD0-447F-A4DE-A11D726ACAE1}.Profile|x86.Build.0 = Release|x64
		{BFF7E83B-ACD0-447F-A4DE-A11D726ACAE1}.Release|ARM64.ActiveCfg = Release|x64
		{BFF7E83B-ACD0-447F-A4DE-A11D726ACAE1}.Release|ARM64.Build.0 = Release|x64
		{BFF7E83B-ACD0-447F-A4DE-A11D726ACAE1}.Release|x64.ActiveCfg = Release|x64
		{BFF7E83B-ACD0-447F-A4DE-A11D726ACAE1}.Release|x64.Build.0 = Release|x64
		{BFF7E83B-ACD0-447F-A4DE-A11D726ACAE1}.Release|x86.ActiveCfg = Release|x64
		{BFF7E83B-ACD0-447F-A4DE-A11D726ACAE1}.ReleaseAD|ARM64.ActiveCfg = Release|x64
		{BFF7E83B-ACD0-447F-A4DE-A11D726ACAE1}.ReleaseAD|ARM64.Build.0 = Release|x64
		{BFF7E83B-ACD0-447F-A4DE-A11D726ACAE1}.ReleaseAD|x64.ActiveCfg = Release|x64
		{BFF7E83B-ACD0-447F-A4DE-A11D726ACAE1}.ReleaseAD|x64.Build.0 = Release|x64
		{BFF7E83B-ACD0-447F-A4DE-A11D726ACAE1}.ReleaseAD|x86.ActiveCfg = Release|x64
		{BFF7E83B-ACD0-447F-A4DE-A11D726ACAE1}.ReleaseAD|x86.Build.0 = Release|x64
		{BFF7E83B-ACD0-447F-A4DE-A11D726ACAE1}.ReleaseAS|ARM64.ActiveCfg = Release|x64
		{BFF7E83B-ACD0-447F-A4DE-A11D726ACAE1}.ReleaseAS|ARM64.Build.0 = Release|x64
		{BFF7E83B-ACD0-447F-A4DE-A11D726ACAE1}.ReleaseAS|x64.ActiveCfg = Release|x64
		{BFF7E83B-ACD0-447F-A4DE-A11D726ACAE1}.ReleaseAS|x64.Build.0 = Release|x64
		{BFF7E83B-ACD0-447F-A4DE-A11D726ACAE1}.ReleaseAS|x86.ActiveCfg = Release|x64
		{BFF7E83B-ACD0-447F-A4DE-A11D726ACAE1}.ReleaseAS|x86.Build.0 = Release|x64
		{BFF7E83B-ACD0-447F-A4DE-A11D726ACAE1}.ReleaseDLL_fixed|ARM64.ActiveCfg = Release|x64
		{BFF7E83B-ACD0-447F-A4DE-A11D726ACAE1}.ReleaseDLL_fixed|ARM64.Build.0 = Release|x64
		{BFF7E83B-ACD0-447F-A4DE-A11D726ACAE1}.ReleaseDLL_fixed|x64.ActiveCfg = Release|x64
		{BFF7E83B-ACD0-447F-A4DE-A11D726ACAE1}.ReleaseDLL_fixed|x64.Build.0 = Release|x64
		{BFF7E83B-ACD0-447F-A4DE-A11D726ACAE1}.ReleaseDLL_fixed|x86.ActiveCfg = Release|x64
		{BFF7E83B-ACD0-447F-A4DE-A11D726ACAE1}.ReleaseDLL_fixed|x86.Build.0 = Release|x64
		{BFF7E83B-ACD0-447F-A4DE-A11D726ACAE1}.ReleaseDLL|ARM64.ActiveCfg = Release|x64
		{BFF7E83B-ACD0-447F-A4DE-A11D726ACAE1}.ReleaseDLL|ARM64.Build.0 = Release|x64
		{BFF7E83B-ACD0-447F-A4DE-A11D726ACAE1}.ReleaseDLL|x64.ActiveCfg = Release|x64
		{BFF7E83B-ACD0-447F-A4DE-A11D726ACAE1}.ReleaseDLL|x64.Build.0 = Release|x64
		{BFF7E83B-ACD0-447F-A4DE-A11D726ACAE1}.ReleaseDLL|x86.ActiveCfg = Release|x64
		{BFF7E83B-ACD0-447F-A4DE-A11D726ACAE1}.ReleaseDLL|x86.Build.0 = Release|x64
		{BFF7E83B-ACD0-447F-A4DE-A11D726ACAE1}.ReleaseUD|ARM64.ActiveCfg = Release|x64
		{BFF7E83B-ACD0-447F-A4DE-A11D726ACAE1}.ReleaseUD|ARM64.Build.0 = Release|x64
		{BFF7E83B-ACD0-447F-A4DE-A11D726ACAE1}.ReleaseUD|x64.ActiveCfg = Release|x64
		{BFF7E83B-ACD0-447F-A4DE-A11D726ACAE1}.ReleaseUD|x64.Build.0 = Release|x64
		{BFF7E83B-ACD0-447F-A4DE-A11D726ACAE1}.ReleaseUD|x86.ActiveCfg = Release|x64
		{BFF7E83B-ACD0-447F-A4DE-A11D726ACAE1}.ReleaseUD|x86.Build.0 = Release|x64
		{BFF7E83B-ACD0-447F-A4DE-A11D726ACAE1}.ReleaseUS|ARM64.ActiveCfg = Release|x64
		{BFF7E83B-ACD0-447F-A4DE-A11D726ACAE1}.ReleaseUS|ARM64.Build.0 = Release|x64
		{BFF7E83B-ACD0-447F-A4DE-A11D726ACAE1}.ReleaseUS|x64.ActiveCfg = Release|x64
		{BFF7E83B-ACD0-447F-A4DE-A11D726ACAE1}.ReleaseUS|x64.Build.0 = Release|x64
		{BFF7E83B-ACD0-447F-A4DE-A11D726ACAE1}.ReleaseUS|x86.ActiveCfg = Release|x64
		{BFF7E83B-ACD0-447F-A4DE-A11D726ACAE1}.ReleaseUS|x86.Build.0 = Release|x64
		{4CEFBC84-C215-11DB-8314-0800200C9A66}.Debug|ARM64.ActiveCfg = Debug|x64
		{4CEFBC84-C215-11DB-8314-0800200C9A66}.Debug|ARM64.Build.0 = Debug|x64
		{4CEFBC84-C215-11DB-8314-0800200C9A66}.Debug|x64.ActiveCfg = Debug|x64
		{4CEFBC84-C215-11DB-8314-0800200C9A66}.Debug|x64.Build.0 = Debug|x64
		{4CEFBC84-C215-11DB-8314-0800200C9A66}.Debug|x86.ActiveCfg = Debug|x64
		{4CEFBC84-C215-11DB-8314-0800200C9A66}.DebugAD|ARM64.ActiveCfg = Release|x64
		{4CEFBC84-C215-11DB-8314-0800200C9A66}.DebugAD|ARM64.Build.0 = Release|x64
		{4CEFBC84-C215-11DB-8314-0800200C9A66}.DebugAD|x64.ActiveCfg = Debug|x64
		{4CEFBC84-C215-11DB-8314-0800200C9A66}.DebugAD|x64.Build.0 = Debug|x64
		{4CEFBC84-C215-11DB-8314-0800200C9A66}.DebugAD|x86.ActiveCfg = Release|x64
		{4CEFBC84-C215-11DB-8314-0800200C9A66}.DebugAD|x86.Build.0 = Release|x64
		{4CEFBC84-C215-11DB-8314-0800200C9A66}.DebugAS|ARM64.ActiveCfg = Release|x64
		{4CEFBC84-C215-11DB-8314-0800200C9A66}.DebugAS|ARM64.Build.0 = Release|x64
		{4CEFBC84-C215-11DB-8314-0800200C9A66}.DebugAS|x64.ActiveCfg = Debug|x64
		{4CEFBC84-C215-11DB-8314-0800200C9A66}.DebugAS|x64.Build.0 = Debug|x64
		{4CEFBC84-C215-11DB-8314-0800200C9A66}.DebugAS|x86.ActiveCfg = Release|x64
		{4CEFBC84-C215-11DB-8314-0800200C9A66}.DebugAS|x86.Build.0 = Release|x64
		{4CEFBC84-C215-11DB-8314-0800200C9A66}.DebugDLL_fixed|ARM64.ActiveCfg = Release|x64
		{4CEFBC84-C215-11DB-8314-0800200C9A66}.DebugDLL_fixed|ARM64.Build.0 = Release|x64
		{4CEFBC84-C215-11DB-8314-0800200C9A66}.DebugDLL_fixed|x64.ActiveCfg = Debug|x64
		{4CEFBC84-C215-11DB-8314-0800200C9A66}.DebugDLL_fixed|x64.Build.0 = Debug|x64
		{4CEFBC84-C215-11DB-8314-0800200C9A66}.DebugDLL_fixed|x86.ActiveCfg = Release|x64
		{4CEFBC84-C215-11DB-8314-0800200C9A66}.DebugDLL_fixed|x86.Build.0 = Release|x64
		{4CEFBC84-C215-11DB-8314-0800200C9A66}.DebugDLL|ARM64.ActiveCfg = Release|x64
		{4CEFBC84-C215-11DB-8314-0800200C9A66}.DebugDLL|ARM64.Build.0 = Release|x64
		{4CEFBC84-C215-11DB-8314-0800200C9A66}.DebugDLL|x64.ActiveCfg = Debug|x64
		{4CEFBC84-C215-11DB-8314-0800200C9A66}.DebugDLL|x64.Build.0 = Debug|x64
		{4CEFBC84-C215-11DB-8314-0800200C9A66}.DebugDLL|x86.ActiveCfg = Release|x64
		{4CEFBC84-C215-11DB-8314-0800200C9A66}.DebugDLL|x86.Build.0 = Release|x64
		{4CEFBC84-C215-11DB-8314-0800200C9A66}.DebugUD|ARM64.ActiveCfg = Release|x64
		{4CEFBC84-C215-11DB-8314-0800200C9A66}.DebugUD|ARM64.Build.0 = Release|x64
		{4CEFBC84-C215-11DB-8314-0800200C9A66}.DebugUD|x64.ActiveCfg = Debug|x64
		{4CEFBC84-C215-11DB-8314-0800200C9A66}.DebugUD|x64.Build.0 = Debug|x64
		{4CEFBC84-C215-11DB-8314-0800200C9A66}.DebugUD|x86.ActiveCfg = Release|x64
		{4CEFBC84-C215-11DB-8314-0800200C9A66}.DebugUD|x86.Build.0 = Release|x64
		{4CEFBC84-C215-11DB-8314-0800200C9A66}.DebugUS|ARM64.ActiveCfg = Release|x64
		{4CEFBC84-C215-11DB-8314-0800200C9A66}.DebugUS|ARM64.Build.0 = Release|x64
		{4CEFBC84-C215-11DB-8314-0800200C9A66}.DebugUS|x64.ActiveCfg = Debug|x64
		{4CEFBC84-C215-11DB-8314-0800200C9A66}.DebugUS|x64.Build.0 = Debug|x64
		{4CEFBC84-C215-11DB-8314-0800200C9A66}.DebugUS|x86.ActiveCfg = Release|x64
		{4CEFBC84-C215-11DB-8314-0800200C9A66}.DebugUS|x86.Build.0 = Release|x64
		{4CEFBC84-C215-11DB-8314-0800200C9A66}.Profile|ARM64.ActiveCfg = Release|x64
		{4CEFBC84-C215-11DB-8314-0800200C9A66}.Profile|ARM64.Build.0 = Release|x64
		{4CEFBC84-C215-11DB-8314-0800200C9A66}.Profile|x64.ActiveCfg = Release|x64
		{4CEFBC84-C215-11DB-8314-0800200C9A66}.Profile|x64.Build.0 = Release|x64
		{4CEFBC84-C215-11DB-8314-0800200C9A66}.Profile|x86.ActiveCfg = Release|x64
		{4CEFBC84-C215-11DB-8314-0800200C9A66}.Profile|x86.Build.0 = Release|x64
		{4CEFBC84-C215-11DB-8314-0800200C9A66}.Release|ARM64.ActiveCfg = Release|x64
		{4CEFBC84-C215-11DB-8314-0800200C9A66}.Release|ARM64.Build.0 = Release|x64
		{4CEFBC84-C215-11DB-8314-0800200C9A66}.Release|x64.ActiveCfg = Release|x64
		{4CEFBC84-C215-11DB-8314-0800200C9A66}.Release|x64.Build.0 = Release|x64
		{4CEFBC84-C215-11DB-8314-0800200C9A66}.Release|x86.ActiveCfg = Release|x64
		{4CEFBC84-C215-11DB-8314-0800200C9A66}.ReleaseAD|ARM64.ActiveCfg = Release|x64
		{4CEFBC84-C215-11DB-8314-0800200C9A66}.ReleaseAD|ARM64.Build.0 = Release|x64
		{4CEFBC84-C215-11DB-8314-0800200C9A66}.ReleaseAD|x64.ActiveCfg = Release|x64
		{4CEFBC84-C215-11DB-8314-0800200C9A66}.ReleaseAD|x64.Build.0 = Release|x64
		{4CEFBC84-C215-11DB-8314-0800200C9A66}.ReleaseAD|x86.ActiveCfg = Release|x64
		{4CEFBC84-C215-11DB-8314-0800200C9A66}.ReleaseAD|x86.Build.0 = Release|x64
		{4CEFBC84-C215-11DB-8314-0800200C9A66}.ReleaseAS|ARM64.ActiveCfg = Release|x64
		{4CEFBC84-C215-11DB-8314-0800200C9A66}.ReleaseAS|ARM64.Build.0 = Release|x64
		{4CEFBC84-C215-11DB-8314-0800200C9A66}.ReleaseAS|x64.ActiveCfg = Release|x64
		{4CEFBC84-C215-11DB-8314-0800200C9A66}.ReleaseAS|x64.Build.0 = Release|x64
		{4CEFBC84-C215-11DB-8314-0800200C9A66}.ReleaseAS|x86.ActiveCfg = Release|x64
		{4CEFBC84-C215-11DB-8314-0800200C9A66}.ReleaseAS|x86.Build.0 = Release|x64
		{4CEFBC84-C215-11DB-8314-0800200C9A66}.ReleaseDLL_fixed|ARM64.ActiveCfg = Release|x64
		{4CEFBC84-C215-11DB-8314-0800200C9A66}.ReleaseDLL_fixed|ARM64.Build.0 = Release|x64
		{4CEFBC84-C215-11DB-8314-0800200C9A66}.ReleaseDLL_fixed|x64.ActiveCfg = Release|x64
		{4CEFBC84-C215-11DB-8314-0800200C9A66}.ReleaseDLL_fixed|x64.Build.0 = Release|x64
		{4CEFBC84-C215-11DB-8314-0800200C9A66}.ReleaseDLL_fixed|x86.ActiveCfg = Release|x64
		{4CEFBC84-C215-11DB-8314-0800200C9A66}.ReleaseDLL_fixed|x86.Build.0 = Release|x64
		{4CEFBC84-C215-11DB-8314-0800200C9A66}.ReleaseDLL|ARM64.ActiveCfg = Release|x64
		{4CEFBC84-C215-11DB-8314-0800200C9A66}.ReleaseDLL|ARM64.Build.0 = Release|x64
		{4CEFBC84-C215-11DB-8314-0800200C9A66}.ReleaseDLL|x64.ActiveCfg = Release|x64
		{4CEFBC84-C215-11DB-8314-0800200C9A66}.ReleaseDLL|x64.Build.0 = Release|x64
		{4CEFBC84-C215-11DB-8314-0800200C9A66}.ReleaseDLL|x86.ActiveCfg = Release|x64
		{4CEFBC84-C215-11DB-8314-0800200C9A66}.ReleaseDLL|x86.Build.0 = Release|x64
		{4CEFBC84-C215-11DB-8314-0800200C9A66}.ReleaseUD|ARM64.ActiveCfg = Release|x64
		{4CEFBC84-C215-11DB-8314-0800200C9A66}.ReleaseUD|ARM64.Build.0 = Release|x64
		{4CEFBC84-C215-11DB-8314-0800200C9A66}.ReleaseUD|x64.ActiveCfg = Release|x64
		{4CEFBC84-C215-11DB-8314-0800200C9A66}.ReleaseUD|x64.Build.0 = Release|x64
		{4CEFBC84-C215-11DB-8314-0800200C9A66}.ReleaseUD|x86.ActiveCfg = Release|x64
		{4CEFBC84-C215-11DB-8314-0800200C9A66}.ReleaseUD|x86.Build.0 = Release|x64
		{4CEFBC84-C215-11DB-8314-0800200C9A66}.ReleaseUS|ARM64.ActiveCfg = Release|x64
		{4CEFBC84-C215-11DB-8314-0800200C9A66}.ReleaseUS|ARM64.Build.0 = Release|x64
		{4CEFBC84-C215-11DB-8314-0800200C9A66}.ReleaseUS|x64.ActiveCfg = Release|x64
		{4CEFBC84-C215-11DB-8314-0800200C9A66}.ReleaseUS|x64.Build.0 = Release|x64
		{4CEFBC84-C215-11DB-8314-0800200C9A66}.ReleaseUS|x86.ActiveCfg = Release|x64
		{4CEFBC84-C215-11DB-8314-0800200C9A66}.ReleaseUS|x86.Build.0 = Release|x64
		{219EC965-228A-1824-174D-96449D05F88A}.Debug|ARM64.ActiveCfg = Debug|x64
		{219EC965-228A-1824-174D-96449D05F88A}.Debug|ARM64.Build.0 = Debug|x64
		{219EC965-228A-1824-174D-96449D05F88A}.Debug|x64.ActiveCfg = Debug|x64
		{219EC965-228A-1824-174D-96449D05F88A}.Debug|x64.Build.0 = Debug|x64
		{219EC965-228A-1824-174D-96449D05F88A}.Debug|x86.ActiveCfg = Debug|Win32
		{219EC965-228A-1824-174D-96449D05F88A}.Debug|x86.Build.0 = Debug|Win32
		{219EC965-228A-1824-174D-96449D05F88A}.DebugAD|ARM64.ActiveCfg = ReleaseDLL_fixed|Win32
		{219EC965-228A-1824-174D-96449D05F88A}.DebugAD|ARM64.Build.0 = ReleaseDLL_fixed|Win32
		{219EC965-228A-1824-174D-96449D05F88A}.DebugAD|x64.ActiveCfg = DebugDLL|x64
		{219EC965-228A-1824-174D-96449D05F88A}.DebugAD|x64.Build.0 = DebugDLL|x64
		{219EC965-228A-1824-174D-96449D05F88A}.DebugAD|x86.ActiveCfg = DebugDLL|Win32
		{219EC965-228A-1824-174D-96449D05F88A}.DebugAD|x86.Build.0 = DebugDLL|Win32
		{219EC965-228A-1824-174D-96449D05F88A}.DebugAS|ARM64.ActiveCfg = ReleaseDLL_fixed|Win32
		{219EC965-228A-1824-174D-96449D05F88A}.DebugAS|ARM64.Build.0 = ReleaseDLL_fixed|Win32
		{219EC965-228A-1824-174D-96449D05F88A}.DebugAS|x64.ActiveCfg = DebugDLL|x64
		{219EC965-228A-1824-174D-96449D05F88A}.DebugAS|x64.Build.0 = DebugDLL|x64
		{219EC965-228A-1824-174D-96449D05F88A}.DebugAS|x86.ActiveCfg = DebugDLL|Win32
		{219EC965-228A-1824-174D-96449D05F88A}.DebugAS|x86.Build.0 = DebugDLL|Win32
		{219EC965-228A-1824-174D-96449D05F88A}.DebugDLL_fixed|ARM64.ActiveCfg = DebugDLL_fixed|x64
		{219EC965-228A-1824-174D-96449D05F88A}.DebugDLL_fixed|ARM64.Build.0 = DebugDLL_fixed|x64
		{219EC965-228A-1824-174D-96449D05F88A}.DebugDLL_fixed|x64.ActiveCfg = DebugDLL_fixed|x64
		{219EC965-228A-1824-174D-96449D05F88A}.DebugDLL_fixed|x64.Build.0 = DebugDLL_fixed|x64
		{219EC965-228A-1824-174D-96449D05F88A}.DebugDLL_fixed|x86.ActiveCfg = DebugDLL_fixed|Win32
		{219EC965-228A-1824-174D-96449D05F88A}.DebugDLL_fixed|x86.Build.0 = DebugDLL_fixed|Win32
		{219EC965-228A-1824-174D-96449D05F88A}.DebugDLL|ARM64.ActiveCfg = DebugDLL|x64
		{219EC965-228A-1824-174D-96449D05F88A}.DebugDLL|ARM64.Build.0 = DebugDLL|x64
		{219EC965-228A-1824-174D-96449D05F88A}.DebugDLL|x64.ActiveCfg = DebugDLL|x64
		{219EC965-228A-1824-174D-96449D05F88A}.DebugDLL|x64.Build.0 = DebugDLL|x64
		{219EC965-228A-1824-174D-96449D05F88A}.DebugDLL|x86.ActiveCfg = DebugDLL|Win32
		{219EC965-228A-1824-174D-96449D05F88A}.DebugDLL|x86.Build.0 = DebugDLL|Win32
		{219EC965-228A-1824-174D-96449D05F88A}.DebugUD|ARM64.ActiveCfg = ReleaseDLL_fixed|Win32
		{219EC965-228A-1824-174D-96449D05F88A}.DebugUD|ARM64.Build.0 = ReleaseDLL_fixed|Win32
		{219EC965-228A-1824-174D-96449D05F88A}.DebugUD|x64.ActiveCfg = DebugDLL|x64
		{219EC965-228A-1824-174D-96449D05F88A}.DebugUD|x64.Build.0 = DebugDLL|x64
		{219EC965-228A-1824-174D-96449D05F88A}.DebugUD|x86.ActiveCfg = DebugDLL|Win32
		{219EC965-228A-1824-174D-96449D05F88A}.DebugUD|x86.Build.0 = DebugDLL|Win32
		{219EC965-228A-1824-174D-96449D05F88A}.DebugUS|ARM64.ActiveCfg = ReleaseDLL_fixed|Win32
		{219EC965-228A-1824-174D-96449D05F88A}.DebugUS|ARM64.Build.0 = ReleaseDLL_fixed|Win32
		{219EC965-228A-1824-174D-96449D05F88A}.DebugUS|x64.ActiveCfg = DebugDLL|x64
		{219EC965-228A-1824-174D-96449D05F88A}.DebugUS|x64.Build.0 = DebugDLL|x64
		{219EC965-228A-1824-174D-96449D05F88A}.DebugUS|x86.ActiveCfg = DebugDLL|Win32
		{219EC965-228A-1824-174D-96449D05F88A}.DebugUS|x86.Build.0 = DebugDLL|Win32
		{219EC965-228A-1824-174D-96449D05F88A}.Profile|ARM64.ActiveCfg = ReleaseDLL_fixed|Win32
		{219EC965-228A-1824-174D-96449D05F88A}.Profile|ARM64.Build.0 = ReleaseDLL_fixed|Win32
		{219EC965-228A-1824-174D-96449D05F88A}.Profile|x64.ActiveCfg = DebugDLL|x64
		{219EC965-228A-1824-174D-96449D05F88A}.Profile|x64.Build.0 = DebugDLL|x64
		{219EC965-228A-1824-174D-96449D05F88A}.Profile|x86.ActiveCfg = DebugDLL|Win32
		{219EC965-228A-1824-174D-96449D05F88A}.Profile|x86.Build.0 = DebugDLL|Win32
		{219EC965-228A-1824-174D-96449D05F88A}.Release|ARM64.ActiveCfg = Release|x64
		{219EC965-228A-1824-174D-96449D05F88A}.Release|ARM64.Build.0 = Release|x64
		{219EC965-228A-1824-174D-96449D05F88A}.Release|x64.ActiveCfg = Release|x64
		{219EC965-228A-1824-174D-96449D05F88A}.Release|x64.Build.0 = Release|x64
		{219EC965-228A-1824-174D-96449D05F88A}.Release|x86.ActiveCfg = Release|Win32
		{219EC965-228A-1824-174D-96449D05F88A}.Release|x86.Build.0 = Release|Win32
		{219EC965-228A-1824-174D-96449D05F88A}.ReleaseAD|ARM64.ActiveCfg = ReleaseDLL_fixed|Win32
		{219EC965-228A-1824-174D-96449D05F88A}.ReleaseAD|ARM64.Build.0 = ReleaseDLL_fixed|Win32
		{219EC965-228A-1824-174D-96449D05F88A}.ReleaseAD|x64.ActiveCfg = ReleaseDLL|x64
		{219EC965-228A-1824-174D-96449D05F88A}.ReleaseAD|x64.Build.0 = ReleaseDLL|x64
		{219EC965-228A-1824-174D-96449D05F88A}.ReleaseAD|x86.ActiveCfg = ReleaseDLL|Win32
		{219EC965-228A-1824-174D-96449D05F88A}.ReleaseAD|x86.Build.0 = ReleaseDLL|Win32
		{219EC965-228A-1824-174D-96449D05F88A}.ReleaseAS|ARM64.ActiveCfg = ReleaseDLL_fixed|Win32
		{219EC965-228A-1824-174D-96449D05F88A}.ReleaseAS|ARM64.Build.0 = ReleaseDLL_fixed|Win32
		{219EC965-228A-1824-174D-96449D05F88A}.ReleaseAS|x64.ActiveCfg = ReleaseDLL|x64
		{219EC965-228A-1824-174D-96449D05F88A}.ReleaseAS|x64.Build.0 = ReleaseDLL|x64
		{219EC965-228A-1824-174D-96449D05F88A}.ReleaseAS|x86.ActiveCfg = ReleaseDLL|Win32
		{219EC965-228A-1824-174D-96449D05F88A}.ReleaseAS|x86.Build.0 = ReleaseDLL|Win32
		{219EC965-228A-1824-174D-96449D05F88A}.ReleaseDLL_fixed|ARM64.ActiveCfg = ReleaseDLL_fixed|x64
		{219EC965-228A-1824-174D-96449D05F88A}.ReleaseDLL_fixed|ARM64.Build.0 = ReleaseDLL_fixed|x64
		{219EC965-228A-1824-174D-96449D05F88A}.ReleaseDLL_fixed|x64.ActiveCfg = ReleaseDLL_fixed|x64
		{219EC965-228A-1824-174D-96449D05F88A}.ReleaseDLL_fixed|x64.Build.0 = ReleaseDLL_fixed|x64
		{219EC965-228A-1824-174D-96449D05F88A}.ReleaseDLL_fixed|x86.ActiveCfg = ReleaseDLL_fixed|Win32
		{219EC965-228A-1824-174D-96449D05F88A}.ReleaseDLL_fixed|x86.Build.0 = ReleaseDLL_fixed|Win32
		{219EC965-228A-1824-174D-96449D05F88A}.ReleaseDLL|ARM64.ActiveCfg = ReleaseDLL|x64
		{219EC965-228A-1824-174D-96449D05F88A}.ReleaseDLL|ARM64.Build.0 = ReleaseDLL|x64
		{219EC965-228A-1824-174D-96449D05F88A}.ReleaseDLL|x64.ActiveCfg = ReleaseDLL|x64
		{219EC965-228A-1824-174D-96449D05F88A}.ReleaseDLL|x64.Build.0 = ReleaseDLL|x64
		{219EC965-228A-1824-174D-96449D05F88A}.ReleaseDLL|x86.ActiveCfg = ReleaseDLL|Win32
		{219EC965-228A-1824-174D-96449D05F88A}.ReleaseDLL|x86.Build.0 = ReleaseDLL|Win32
		{219EC965-228A-1824-174D-96449D05F88A}.ReleaseUD|ARM64.ActiveCfg = ReleaseDLL_fixed|Win32
		{219EC965-228A-1824-174D-96449D05F88A}.ReleaseUD|ARM64.Build.0 = ReleaseDLL_fixed|Win32
		{219EC965-228A-1824-174D-96449D05F88A}.ReleaseUD|x64.ActiveCfg = ReleaseDLL|x64
		{219EC965-228A-1824-174D-96449D05F88A}.ReleaseUD|x64.Build.0 = ReleaseDLL|x64
		{219EC965-228A-1824-174D-96449D05F88A}.ReleaseUD|x86.ActiveCfg = ReleaseDLL|Win32
		{219EC965-228A-1824-174D-96449D05F88A}.ReleaseUD|x86.Build.0 = ReleaseDLL|Win32
		{219EC965-228A-1824-174D-96449D05F88A}.ReleaseUS|ARM64.ActiveCfg = ReleaseDLL_fixed|Win32
		{219EC965-228A-1824-174D-96449D05F88A}.ReleaseUS|ARM64.Build.0 = ReleaseDLL_fixed|Win32
		{219EC965-228A-1824-174D-96449D05F88A}.ReleaseUS|x64.ActiveCfg = ReleaseDLL|x64
		{219EC965-228A-1824-174D-96449D05F88A}.ReleaseUS|x64.Build.0 = ReleaseDLL|x64
		{219EC965-228A-1824-174D-96449D05F88A}.ReleaseUS|x86.ActiveCfg = ReleaseDLL|Win32
		{219EC965-228A-1824-174D-96449D05F88A}.ReleaseUS|x86.Build.0 = ReleaseDLL|Win32
		{371B9FA9-4C90-4AC6-A123-ACED756D6C77}.Debug|ARM64.ActiveCfg = Debug|ARM64
		{371B9FA9-4C90-4AC6-A123-ACED756D6C77}.Debug|ARM64.Build.0 = Debug|ARM64
		{371B9FA9-4C90-4AC6-A123-ACED756D6C77}.Debug|x64.ActiveCfg = Debug|x64
		{371B9FA9-4C90-4AC6-A123-ACED756D6C77}.Debug|x64.Build.0 = Debug|x64
		{371B9FA9-4C90-4AC6-A123-ACED756D6C77}.Debug|x86.ActiveCfg = Debug|Win32
		{371B9FA9-4C90-4AC6-A123-ACED756D6C77}.Debug|x86.Build.0 = Debug|Win32
		{371B9FA9-4C90-4AC6-A123-ACED756D6C77}.DebugAD|ARM64.ActiveCfg = Debug|ARM64
		{371B9FA9-4C90-4AC6-A123-ACED756D6C77}.DebugAD|ARM64.Build.0 = Debug|ARM64
		{371B9FA9-4C90-4AC6-A123-ACED756D6C77}.DebugAD|x64.ActiveCfg = Debug|x64
		{371B9FA9-4C90-4AC6-A123-ACED756D6C77}.DebugAD|x64.Build.0 = Debug|x64
		{371B9FA9-4C90-4AC6-A123-ACED756D6C77}.DebugAD|x86.ActiveCfg = Debug|Win32
		{371B9FA9-4C90-4AC6-A123-ACED756D6C77}.DebugAD|x86.Build.0 = Debug|Win32
		{371B9FA9-4C90-4AC6-A123-ACED756D6C77}.DebugAS|ARM64.ActiveCfg = Debug|ARM64
		{371B9FA9-4C90-4AC6-A123-ACED756D6C77}.DebugAS|ARM64.Build.0 = Debug|ARM64
		{371B9FA9-4C90-4AC6-A123-ACED756D6C77}.DebugAS|x64.ActiveCfg = Debug|x64
		{371B9FA9-4C90-4AC6-A123-ACED756D6C77}.DebugAS|x64.Build.0 = Debug|x64
		{371B9FA9-4C90-4AC6-A123-ACED756D6C77}.DebugAS|x86.ActiveCfg = Debug|Win32
		{371B9FA9-4C90-4AC6-A123-ACED756D6C77}.DebugAS|x86.Build.0 = Debug|Win32
		{371B9FA9-4C90-4AC6-A123-ACED756D6C77}.DebugDLL_fixed|ARM64.ActiveCfg = Debug|ARM64
		{371B9FA9-4C90-4AC6-A123-ACED756D6C77}.DebugDLL_fixed|ARM64.Build.0 = Debug|ARM64
		{371B9FA9-4C90-4AC6-A123-ACED756D6C77}.DebugDLL_fixed|x64.ActiveCfg = Debug|x64
		{371B9FA9-4C90-4AC6-A123-ACED756D6C77}.DebugDLL_fixed|x64.Build.0 = Debug|x64
		{371B9FA9-4C90-4AC6-A123-ACED756D6C77}.DebugDLL_fixed|x86.ActiveCfg = Debug|Win32
		{371B9FA9-4C90-4AC6-A123-ACED756D6C77}.DebugDLL_fixed|x86.Build.0 = Debug|Win32
		{371B9FA9-4C90-4AC6-A123-ACED756D6C77}.DebugDLL|ARM64.ActiveCfg = Debug|ARM64
		{371B9FA9-4C90-4AC6-A123-ACED756D6C77}.DebugDLL|ARM64.Build.0 = Debug|ARM64
		{371B9FA9-4C90-4AC6-A123-ACED756D6C77}.DebugDLL|x64.ActiveCfg = Debug|x64
		{371B9FA9-4C90-4AC6-A123-ACED756D6C77}.DebugDLL|x64.Build.0 = Debug|x64
		{371B9FA9-4C90-4AC6-A123-ACED756D6C77}.DebugDLL|x86.ActiveCfg = Debug|Win32
		{371B9FA9-4C90-4AC6-A123-ACED756D6C77}.DebugDLL|x86.Build.0 = Debug|Win32
		{371B9FA9-4C90-4AC6-A123-ACED756D6C77}.DebugUD|ARM64.ActiveCfg = Debug|ARM64
		{371B9FA9-4C90-4AC6-A123-ACED756D6C77}.DebugUD|ARM64.Build.0 = Debug|ARM64
		{371B9FA9-4C90-4AC6-A123-ACED756D6C77}.DebugUD|x64.ActiveCfg = Debug|x64
		{371B9FA9-4C90-4AC6-A123-ACED756D6C77}.DebugUD|x64.Build.0 = Debug|x64
		{371B9FA9-4C90-4AC6-A123-ACED756D6C77}.DebugUD|x86.ActiveCfg = Debug|Win32
		{371B9FA9-4C90-4AC6-A123-ACED756D6C77}.DebugUD|x86.Build.0 = Debug|Win32
		{371B9FA9-4C90-4AC6-A123-ACED756D6C77}.DebugUS|ARM64.ActiveCfg = Debug|ARM64
		{371B9FA9-4C90-4AC6-A123-ACED756D6C77}.DebugUS|ARM64.Build.0 = Debug|ARM64
		{371B9FA9-4C90-4AC6-A123-ACED756D6C77}.DebugUS|x64.ActiveCfg = Debug|x64
		{371B9FA9-4C90-4AC6-A123-ACED756D6C77}.DebugUS|x64.Build.0 = Debug|x64
		{371B9FA9-4C90-4AC6-A123-ACED756D6C77}.DebugUS|x86.ActiveCfg = Debug|Win32
		{371B9FA9-4C90-4AC6-A123-ACED756D6C77}.DebugUS|x86.Build.0 = Debug|Win32
		{371B9FA9-4C90-4AC6-A123-ACED756D6C77}.Profile|ARM64.ActiveCfg = Profile|ARM64
		{371B9FA9-4C90-4AC6-A123-ACED756D6C77}.Profile|ARM64.Build.0 = Profile|ARM64
		{371B9FA9-4C90-4AC6-A123-ACED756D6C77}.Profile|x64.ActiveCfg = Profile|x64
		{371B9FA9-4C90-4AC6-A123-ACED756D6C77}.Profile|x64.Build.0 = Profile|x64
		{371B9FA9-4C90-4AC6-A123-ACED756D6C77}.Profile|x86.ActiveCfg = Profile|Win32
		{371B9FA9-4C90-4AC6-A123-ACED756D6C77}.Profile|x86.Build.0 = Profile|Win32
		{371B9FA9-4C90-4AC6-A123-ACED756D6C77}.Release|ARM64.ActiveCfg = Release|ARM64
		{371B9FA9-4C90-4AC6-A123-ACED756D6C77}.Release|ARM64.Build.0 = Release|ARM64
		{371B9FA9-4C90-4AC6-A123-ACED756D6C77}.Release|x64.ActiveCfg = Release|x64
		{371B9FA9-4C90-4AC6-A123-ACED756D6C77}.Release|x64.Build.0 = Release|x64
		{371B9FA9-4C90-4AC6-A123-ACED756D6C77}.Release|x86.ActiveCfg = Release|Win32
		{371B9FA9-4C90-4AC6-A123-ACED756D6C77}.Release|x86.Build.0 = Release|Win32
		{371B9FA9-4C90-4AC6-A123-ACED756D6C77}.ReleaseAD|ARM64.ActiveCfg = Release|ARM64
		{371B9FA9-4C90-4AC6-A123-ACED756D6C77}.ReleaseAD|ARM64.Build.0 = Release|ARM64
		{371B9FA9-4C90-4AC6-A123-ACED756D6C77}.ReleaseAD|x64.ActiveCfg = Release|x64
		{371B9FA9-4C90-4AC6-A123-ACED756D6C77}.ReleaseAD|x64.Build.0 = Release|x64
		{371B9FA9-4C90-4AC6-A123-ACED756D6C77}.ReleaseAD|x86.ActiveCfg = Release|Win32
		{371B9FA9-4C90-4AC6-A123-ACED756D6C77}.ReleaseAD|x86.Build.0 = Release|Win32
		{371B9FA9-4C90-4AC6-A123-ACED756D6C77}.ReleaseAS|ARM64.ActiveCfg = Release|ARM64
		{371B9FA9-4C90-4AC6-A123-ACED756D6C77}.ReleaseAS|ARM64.Build.0 = Release|ARM64
		{371B9FA9-4C90-4AC6-A123-ACED756D6C77}.ReleaseAS|x64.ActiveCfg = Release|x64
		{371B9FA9-4C90-4AC6-A123-ACED756D6C77}.ReleaseAS|x64.Build.0 = Release|x64
		{371B9FA9-4C90-4AC6-A123-ACED756D6C77}.ReleaseAS|x86.ActiveCfg = Release|Win32
		{371B9FA9-4C90-4AC6-A123-ACED756D6C77}.ReleaseAS|x86.Build.0 = Release|Win32
		{371B9FA9-4C90-4AC6-A123-ACED756D6C77}.ReleaseDLL_fixed|ARM64.ActiveCfg = Release|ARM64
		{371B9FA9-4C90-4AC6-A123-ACED756D6C77}.ReleaseDLL_fixed|ARM64.Build.0 = Release|ARM64
		{371B9FA9-4C90-4AC6-A123-ACED756D6C77}.ReleaseDLL_fixed|x64.ActiveCfg = Release|x64
		{371B9FA9-4C90-4AC6-A123-ACED756D6C77}.ReleaseDLL_fixed|x64.Build.0 = Release|x64
		{371B9FA9-4C90-4AC6-A123-ACED756D6C77}.ReleaseDLL_fixed|x86.ActiveCfg = Release|Win32
		{371B9FA9-4C90-4AC6-A123-ACED756D6C77}.ReleaseDLL_fixed|x86.Build.0 = Release|Win32
		{371B9FA9-4C90-4AC6-A123-ACED756D6C77}.ReleaseDLL|ARM64.ActiveCfg = Release|ARM64
		{371B9FA9-4C90-4AC6-A123-ACED756D6C77}.ReleaseDLL|ARM64.Build.0 = Release|ARM64
		{371B9FA9-4C90-4AC6-A123-ACED756D6C77}.ReleaseDLL|x64.ActiveCfg = Release|x64
		{371B9FA9-4C90-4AC6-A123-ACED756D6C77}.ReleaseDLL|x64.Build.0 = Release|x64
		{371B9FA9-4C90-4AC6-A123-ACED756D6C77}.ReleaseDLL|x86.ActiveCfg = Release|Win32
		{371B9FA9-4C90-4AC6-A123-ACED756D6C77}.ReleaseDLL|x86.Build.0 = Release|Win32
		{371B9FA9-4C90-4AC6-A123-ACED756D6C77}.ReleaseUD|ARM64.ActiveCfg = Release|ARM64
		{371B9FA9-4C90-4AC6-A123-ACED756D6C77}.ReleaseUD|ARM64.Build.0 = Release|ARM64
		{371B9FA9-4C90-4AC6-A123-ACED756D6C77}.ReleaseUD|x64.ActiveCfg = Release|x64
		{371B9FA9-4C90-4AC6-A123-ACED756D6C77}.ReleaseUD|x64.Build.0 = Release|x64
		{371B9FA9-4C90-4AC6-A123-ACED756D6C77}.ReleaseUD|x86.ActiveCfg = Release|Win32
		{371B9FA9-4C90-4AC6-A123-ACED756D6C77}.ReleaseUD|x86.Build.0 = Release|Win32
		{371B9FA9-4C90-4AC6-A123-ACED756D6C77}.ReleaseUS|ARM64.ActiveCfg = Release|ARM64
		{371B9FA9-4C90-4AC6-A123-ACED756D6C77}.ReleaseUS|ARM64.Build.0 = Release|ARM64
		{371B9FA9-4C90-4AC6-A123-ACED756D6C77}.ReleaseUS|x64.ActiveCfg = Release|x64
		{371B9FA9-4C90-4AC6-A123-ACED756D6C77}.ReleaseUS|x64.Build.0 = Release|x64
		{371B9FA9-4C90-4AC6-A123-ACED756D6C77}.ReleaseUS|x86.ActiveCfg = Release|Win32
		{371B9FA9-4C90-4AC6-A123-ACED756D6C77}.ReleaseUS|x86.Build.0 = Release|Win32
	EndGlobalSection
	GlobalSection(SolutionProperties) = preSolution
		HideSolutionNode = FALSE
	EndGlobalSection
	GlobalSection(ExtensibilityGlobals) = postSolution
		SolutionGuid = {90123070-A773-4195-8077-C939F9D50ED6}
	EndGlobalSection
EndGlobal
