
Microsoft Visual Studio Solution File, Format Version 12.00
# Visual Studio Version 17
VisualStudioVersion = 17.5.33502.453
MinimumVisualStudioVersion = 10.0.40219.1
Project("{8BC9CEB8-8B4A-11D0-8D11-00A0C91BC942}") = "Greyhound", "Greyhound\Greyhound.vcxproj", "{9B96FB51-505F-4C9A-AE48-1BE328C9D930}"
	ProjectSection(ProjectDependencies) = postProject
		{219EC965-228A-1824-174D-96449D05F88A} = {219EC965-228A-1824-174D-96449D05F88A}
		{4CEFBC84-C215-11DB-8314-0800200C9A66} = {4CEFBC84-C215-11DB-8314-0800200C9A66}
		{78424708-1F6E-4D4B-920C-FB6D26847055} = {78424708-1F6E-4D4B-920C-FB6D26847055}
	EndProjectSection
EndProject
Project("{8BC9CEB8-8B4A-11D0-8D11-00A0C91BC942}") = "cppkore", "cppnet\cppkore\cppkore.vcxproj", "{88BC2D60-A093-4E61-B194-59AB8BE4E33E}"
EndProject
Project("{8BC9CEB8-8B4A-11D0-8D11-00A0C91BC942}") = "CascLib", "External\CascLib-2.1\CascLib_vs19.vcxproj", "{78424708-1F6E-4D4B-920C-FB6D26847055}"
EndProject
Project("{8BC9CEB8-8B4A-11D0-8D11-00A0C91BC942}") = "opus", "External\Opus\win32\VS2015\opus.vcxproj", "{219EC965-228A-1824-174D-96449D05F88A}"
EndProject
Project("{8BC9CEB8-8B4A-11D0-8D11-00A0C91BC942}") = "libFLAC_static", "External\Flac1.3.2\src\libFLAC\libFLAC_static.vcxproj", "{4CEFBC84-C215-11DB-8314-0800200C9A66}"
EndProject
Global
	GlobalSection(SolutionConfigurationPlatforms) = preSolution
		Debug|x64 = Debug|x64
		Debug|x86 = Debug|x86
		DebugAD|x64 = DebugAD|x64
		DebugAD|x86 = DebugAD|x86
		DebugAS|x64 = DebugAS|x64
		DebugAS|x86 = DebugAS|x86
		DebugDLL_fixed|x64 = DebugDLL_fixed|x64
		DebugDLL_fixed|x86 = DebugDLL_fixed|x86
		DebugDLL|x64 = DebugDLL|x64
		DebugDLL|x86 = DebugDLL|x86
		DebugUD|x64 = DebugUD|x64
		DebugUD|x86 = DebugUD|x86
		DebugUS|x64 = DebugUS|x64
		DebugUS|x86 = DebugUS|x86
		Release|x64 = Release|x64
		Release|x86 = Release|x86
		ReleaseAD|x64 = ReleaseAD|x64
		ReleaseAD|x86 = ReleaseAD|x86
		ReleaseAS|x64 = ReleaseAS|x64
		ReleaseAS|x86 = ReleaseAS|x86
		ReleaseDLL_fixed|x64 = ReleaseDLL_fixed|x64
		ReleaseDLL_fixed|x86 = ReleaseDLL_fixed|x86
		ReleaseDLL|x64 = ReleaseDLL|x64
		ReleaseDLL|x86 = ReleaseDLL|x86
		ReleaseUD|x64 = ReleaseUD|x64
		ReleaseUD|x86 = ReleaseUD|x86
		ReleaseUS|x64 = ReleaseUS|x64
		ReleaseUS|x86 = ReleaseUS|x86
	EndGlobalSection
	GlobalSection(ProjectConfigurationPlatforms) = postSolution
		{9B96FB51-505F-4C9A-AE48-1BE328C9D930}.Debug|x64.ActiveCfg = Debug|x64
		{9B96FB51-505F-4C9A-AE48-1BE328C9D930}.Debug|x64.Build.0 = Debug|x64
		{9B96FB51-505F-4C9A-AE48-1BE328C9D930}.Debug|x86.ActiveCfg = Debug|Win32
		{9B96FB51-505F-4C9A-AE48-1BE328C9D930}.Debug|x86.Build.0 = Debug|Win32
		{9B96FB51-505F-4C9A-AE48-1BE328C9D930}.DebugAD|x64.ActiveCfg = Debug|x64
		{9B96FB51-505F-4C9A-AE48-1BE328C9D930}.DebugAD|x64.Build.0 = Debug|x64
		{9B96FB51-505F-4C9A-AE48-1BE328C9D930}.DebugAD|x86.ActiveCfg = Debug|Win32
		{9B96FB51-505F-4C9A-AE48-1BE328C9D930}.DebugAD|x86.Build.0 = Debug|Win32
		{9B96FB51-505F-4C9A-AE48-1BE328C9D930}.DebugAS|x64.ActiveCfg = Debug|x64
		{9B96FB51-505F-4C9A-AE48-1BE328C9D930}.DebugAS|x64.Build.0 = Debug|x64
		{9B96FB51-505F-4C9A-AE48-1BE328C9D930}.DebugAS|x86.ActiveCfg = Debug|Win32
		{9B96FB51-505F-4C9A-AE48-1BE328C9D930}.DebugAS|x86.Build.0 = Debug|Win32
		{9B96FB51-505F-4C9A-AE48-1BE328C9D930}.DebugDLL_fixed|x64.ActiveCfg = Debug|x64
		{9B96FB51-505F-4C9A-AE48-1BE328C9D930}.DebugDLL_fixed|x64.Build.0 = Debug|x64
		{9B96FB51-505F-4C9A-AE48-1BE328C9D930}.DebugDLL_fixed|x86.ActiveCfg = Debug|Win32
		{9B96FB51-505F-4C9A-AE48-1BE328C9D930}.DebugDLL_fixed|x86.Build.0 = Debug|Win32
		{9B96FB51-505F-4C9A-AE48-1BE328C9D930}.DebugDLL|x64.ActiveCfg = Debug|x64
		{9B96FB51-505F-4C9A-AE48-1BE328C9D930}.DebugDLL|x64.Build.0 = Debug|x64
		{9B96FB51-505F-4C9A-AE48-1BE328C9D930}.DebugDLL|x86.ActiveCfg = Debug|Win32
		{9B96FB51-505F-4C9A-AE48-1BE328C9D930}.DebugDLL|x86.Build.0 = Debug|Win32
		{9B96FB51-505F-4C9A-AE48-1BE328C9D930}.DebugUD|x64.ActiveCfg = Debug|x64
		{9B96FB51-505F-4C9A-AE48-1BE328C9D930}.DebugUD|x64.Build.0 = Debug|x64
		{9B96FB51-505F-4C9A-AE48-1BE328C9D930}.DebugUD|x86.ActiveCfg = Debug|Win32
		{9B96FB51-505F-4C9A-AE48-1BE328C9D930}.DebugUD|x86.Build.0 = Debug|Win32
		{9B96FB51-505F-4C9A-AE48-1BE328C9D930}.DebugUS|x64.ActiveCfg = Debug|x64
		{9B96FB51-505F-4C9A-AE48-1BE328C9D930}.DebugUS|x64.Build.0 = Debug|x64
		{9B96FB51-505F-4C9A-AE48-1BE328C9D930}.DebugUS|x86.ActiveCfg = Debug|Win32
		{9B96FB51-505F-4C9A-AE48-1BE328C9D930}.DebugUS|x86.Build.0 = Debug|Win32
		{9B96FB51-505F-4C9A-AE48-1BE328C9D930}.Release|x64.ActiveCfg = Release|x64
		{9B96FB51-505F-4C9A-AE48-1BE328C9D930}.Release|x64.Build.0 = Release|x64
		{9B96FB51-505F-4C9A-AE48-1BE328C9D930}.Release|x86.ActiveCfg = Release|Win32
		{9B96FB51-505F-4C9A-AE48-1BE328C9D930}.Release|x86.Build.0 = Release|Win32
		{9B96FB51-505F-4C9A-AE48-1BE328C9D930}.ReleaseAD|x64.ActiveCfg = Release|x64
		{9B96FB51-505F-4C9A-AE48-1BE328C9D930}.ReleaseAD|x64.Build.0 = Release|x64
		{9B96FB51-505F-4C9A-AE48-1BE328C9D930}.ReleaseAD|x86.ActiveCfg = Release|Win32
		{9B96FB51-505F-4C9A-AE48-1BE328C9D930}.ReleaseAD|x86.Build.0 = Release|Win32
		{9B96FB51-505F-4C9A-AE48-1BE328C9D930}.ReleaseAS|x64.ActiveCfg = Release|x64
		{9B96FB51-505F-4C9A-AE48-1BE328C9D930}.ReleaseAS|x64.Build.0 = Release|x64
		{9B96FB51-505F-4C9A-AE48-1BE328C9D930}.ReleaseAS|x86.ActiveCfg = Release|Win32
		{9B96FB51-505F-4C9A-AE48-1BE328C9D930}.ReleaseAS|x86.Build.0 = Release|Win32
		{9B96FB51-505F-4C9A-AE48-1BE328C9D930}.ReleaseDLL_fixed|x64.ActiveCfg = Release|x64
		{9B96FB51-505F-4C9A-AE48-1BE328C9D930}.ReleaseDLL_fixed|x64.Build.0 = Release|x64
		{9B96FB51-505F-4C9A-AE48-1BE328C9D930}.ReleaseDLL_fixed|x86.ActiveCfg = Release|Win32
		{9B96FB51-505F-4C9A-AE48-1BE328C9D930}.ReleaseDLL_fixed|x86.Build.0 = Release|Win32
		{9B96FB51-505F-4C9A-AE48-1BE328C9D930}.ReleaseDLL|x64.ActiveCfg = Release|x64
		{9B96FB51-505F-4C9A-AE48-1BE328C9D930}.ReleaseDLL|x64.Build.0 = Release|x64
		{9B96FB51-505F-4C9A-AE48-1BE328C9D930}.ReleaseDLL|x86.ActiveCfg = Release|Win32
		{9B96FB51-505F-4C9A-AE48-1BE328C9D930}.ReleaseDLL|x86.Build.0 = Release|Win32
		{9B96FB51-505F-4C9A-AE48-1BE328C9D930}.ReleaseUD|x64.ActiveCfg = Release|x64
		{9B96FB51-505F-4C9A-AE48-1BE328C9D930}.ReleaseUD|x64.Build.0 = Release|x64
		{9B96FB51-505F-4C9A-AE48-1BE328C9D930}.ReleaseUD|x86.ActiveCfg = Release|Win32
		{9B96FB51-505F-4C9A-AE48-1BE328C9D930}.ReleaseUD|x86.Build.0 = Release|Win32
		{9B96FB51-505F-4C9A-AE48-1BE328C9D930}.ReleaseUS|x64.ActiveCfg = Release|x64
		{9B96FB51-505F-4C9A-AE48-1BE328C9D930}.ReleaseUS|x64.Build.0 = Release|x64
		{9B96FB51-505F-4C9A-AE48-1BE328C9D930}.ReleaseUS|x86.ActiveCfg = Release|Win32
		{9B96FB51-505F-4C9A-AE48-1BE328C9D930}.ReleaseUS|x86.Build.0 = Release|Win32
		{88BC2D60-A093-4E61-B194-59AB8BE4E33E}.Debug|x64.ActiveCfg = Debug|x64
		{88BC2D60-A093-4E61-B194-59AB8BE4E33E}.Debug|x64.Build.0 = Debug|x64
		{88BC2D60-A093-4E61-B194-59AB8BE4E33E}.Debug|x86.ActiveCfg = Debug|Win32
		{88BC2D60-A093-4E61-B194-59AB8BE4E33E}.Debug|x86.Build.0 = Debug|Win32
		{88BC2D60-A093-4E61-B194-59AB8BE4E33E}.DebugAD|x64.ActiveCfg = Debug|x64
		{88BC2D60-A093-4E61-B194-59AB8BE4E33E}.DebugAD|x64.Build.0 = Debug|x64
		{88BC2D60-A093-4E61-B194-59AB8BE4E33E}.DebugAD|x86.ActiveCfg = Debug|Win32
		{88BC2D60-A093-4E61-B194-59AB8BE4E33E}.DebugAD|x86.Build.0 = Debug|Win32
		{88BC2D60-A093-4E61-B194-59AB8BE4E33E}.DebugAS|x64.ActiveCfg = Debug|x64
		{88BC2D60-A093-4E61-B194-59AB8BE4E33E}.DebugAS|x64.Build.0 = Debug|x64
		{88BC2D60-A093-4E61-B194-59AB8BE4E33E}.DebugAS|x86.ActiveCfg = Debug|Win32
		{88BC2D60-A093-4E61-B194-59AB8BE4E33E}.DebugAS|x86.Build.0 = Debug|Win32
		{88BC2D60-A093-4E61-B194-59AB8BE4E33E}.DebugDLL_fixed|x64.ActiveCfg = Debug|x64
		{88BC2D60-A093-4E61-B194-59AB8BE4E33E}.DebugDLL_fixed|x64.Build.0 = Debug|x64
		{88BC2D60-A093-4E61-B194-59AB8BE4E33E}.DebugDLL_fixed|x86.ActiveCfg = Debug|Win32
		{88BC2D60-A093-4E61-B194-59AB8BE4E33E}.DebugDLL_fixed|x86.Build.0 = Debug|Win32
		{88BC2D60-A093-4E61-B194-59AB8BE4E33E}.DebugDLL|x64.ActiveCfg = Debug|x64
		{88BC2D60-A093-4E61-B194-59AB8BE4E33E}.DebugDLL|x64.Build.0 = Debug|x64
		{88BC2D60-A093-4E61-B194-59AB8BE4E33E}.DebugDLL|x86.ActiveCfg = Debug|Win32
		{88BC2D60-A093-4E61-B194-59AB8BE4E33E}.DebugDLL|x86.Build.0 = Debug|Win32
		{88BC2D60-A093-4E61-B194-59AB8BE4E33E}.DebugUD|x64.ActiveCfg = Debug|x64
		{88BC2D60-A093-4E61-B194-59AB8BE4E33E}.DebugUD|x64.Build.0 = Debug|x64
		{88BC2D60-A093-4E61-B194-59AB8BE4E33E}.DebugUD|x86.ActiveCfg = Debug|Win32
		{88BC2D60-A093-4E61-B194-59AB8BE4E33E}.DebugUD|x86.Build.0 = Debug|Win32
		{88BC2D60-A093-4E61-B194-59AB8BE4E33E}.DebugUS|x64.ActiveCfg = Debug|x64
		{88BC2D60-A093-4E61-B194-59AB8BE4E33E}.DebugUS|x64.Build.0 = Debug|x64
		{88BC2D60-A093-4E61-B194-59AB8BE4E33E}.DebugUS|x86.ActiveCfg = Debug|Win32
		{88BC2D60-A093-4E61-B194-59AB8BE4E33E}.DebugUS|x86.Build.0 = Debug|Win32
		{88BC2D60-A093-4E61-B194-59AB8BE4E33E}.Release|x64.ActiveCfg = Release|x64
		{88BC2D60-A093-4E61-B194-59AB8BE4E33E}.Release|x64.Build.0 = Release|x64
		{88BC2D60-A093-4E61-B194-59AB8BE4E33E}.Release|x86.ActiveCfg = Release|Win32
		{88BC2D60-A093-4E61-B194-59AB8BE4E33E}.Release|x86.Build.0 = Release|Win32
		{88BC2D60-A093-4E61-B194-59AB8BE4E33E}.ReleaseAD|x64.ActiveCfg = Release|x64
		{88BC2D60-A093-4E61-B194-59AB8BE4E33E}.ReleaseAD|x64.Build.0 = Release|x64
		{88BC2D60-A093-4E61-B194-59AB8BE4E33E}.ReleaseAD|x86.ActiveCfg = Release|Win32
		{88BC2D60-A093-4E61-B194-59AB8BE4E33E}.ReleaseAD|x86.Build.0 = Release|Win32
		{88BC2D60-A093-4E61-B194-59AB8BE4E33E}.ReleaseAS|x64.ActiveCfg = Release|x64
		{88BC2D60-A093-4E61-B194-59AB8BE4E33E}.ReleaseAS|x64.Build.0 = Release|x64
		{88BC2D60-A093-4E61-B194-59AB8BE4E33E}.ReleaseAS|x86.ActiveCfg = Release|Win32
		{88BC2D60-A093-4E61-B194-59AB8BE4E33E}.ReleaseAS|x86.Build.0 = Release|Win32
		{88BC2D60-A093-4E61-B194-59AB8BE4E33E}.ReleaseDLL_fixed|x64.ActiveCfg = Release|x64
		{88BC2D60-A093-4E61-B194-59AB8BE4E33E}.ReleaseDLL_fixed|x64.Build.0 = Release|x64
		{88BC2D60-A093-4E61-B194-59AB8BE4E33E}.ReleaseDLL_fixed|x86.ActiveCfg = Release|Win32
		{88BC2D60-A093-4E61-B194-59AB8BE4E33E}.ReleaseDLL_fixed|x86.Build.0 = Release|Win32
		{88BC2D60-A093-4E61-B194-59AB8BE4E33E}.ReleaseDLL|x64.ActiveCfg = Release|x64
		{88BC2D60-A093-4E61-B194-59AB8BE4E33E}.ReleaseDLL|x64.Build.0 = Release|x64
		{88BC2D60-A093-4E61-B194-59AB8BE4E33E}.ReleaseDLL|x86.ActiveCfg = Release|Win32
		{88BC2D60-A093-4E61-B194-59AB8BE4E33E}.ReleaseDLL|x86.Build.0 = Release|Win32
		{88BC2D60-A093-4E61-B194-59AB8BE4E33E}.ReleaseUD|x64.ActiveCfg = Release|x64
		{88BC2D60-A093-4E61-B194-59AB8BE4E33E}.ReleaseUD|x64.Build.0 = Release|x64
		{88BC2D60-A093-4E61-B194-59AB8BE4E33E}.ReleaseUD|x86.ActiveCfg = Release|Win32
		{88BC2D60-A093-4E61-B194-59AB8BE4E33E}.ReleaseUD|x86.Build.0 = Release|Win32
		{88BC2D60-A093-4E61-B194-59AB8BE4E33E}.ReleaseUS|x64.ActiveCfg = Release|x64
		{88BC2D60-A093-4E61-B194-59AB8BE4E33E}.ReleaseUS|x64.Build.0 = Release|x64
		{88BC2D60-A093-4E61-B194-59AB8BE4E33E}.ReleaseUS|x86.ActiveCfg = Release|Win32
		{88BC2D60-A093-4E61-B194-59AB8BE4E33E}.ReleaseUS|x86.Build.0 = Release|Win32
		{78424708-1F6E-4D4B-920C-FB6D26847055}.Debug|x64.ActiveCfg = DebugUD|x64
		{78424708-1F6E-4D4B-920C-FB6D26847055}.Debug|x64.Build.0 = DebugUD|x64
		{78424708-1F6E-4D4B-920C-FB6D26847055}.Debug|x86.ActiveCfg = DebugAD|Win32
		{78424708-1F6E-4D4B-920C-FB6D26847055}.Debug|x86.Build.0 = DebugAD|Win32
		{78424708-1F6E-4D4B-920C-FB6D26847055}.DebugAD|x64.ActiveCfg = DebugAD|x64
		{78424708-1F6E-4D4B-920C-FB6D26847055}.DebugAD|x64.Build.0 = DebugAD|x64
		{78424708-1F6E-4D4B-920C-FB6D26847055}.DebugAD|x86.ActiveCfg = DebugAD|Win32
		{78424708-1F6E-4D4B-920C-FB6D26847055}.DebugAD|x86.Build.0 = DebugAD|Win32
		{78424708-1F6E-4D4B-920C-FB6D26847055}.DebugAS|x64.ActiveCfg = DebugAS|x64
		{78424708-1F6E-4D4B-920C-FB6D26847055}.DebugAS|x64.Build.0 = DebugAS|x64
		{78424708-1F6E-4D4B-920C-FB6D26847055}.DebugAS|x86.ActiveCfg = DebugAS|Win32
		{78424708-1F6E-4D4B-920C-FB6D26847055}.DebugAS|x86.Build.0 = DebugAS|Win32
		{78424708-1F6E-4D4B-920C-FB6D26847055}.DebugDLL_fixed|x64.ActiveCfg = DebugAD|x64
		{78424708-1F6E-4D4B-920C-FB6D26847055}.DebugDLL_fixed|x64.Build.0 = DebugAD|x64
		{78424708-1F6E-4D4B-920C-FB6D26847055}.DebugDLL_fixed|x86.ActiveCfg = DebugAD|Win32
		{78424708-1F6E-4D4B-920C-FB6D26847055}.DebugDLL_fixed|x86.Build.0 = DebugAD|Win32
		{78424708-1F6E-4D4B-920C-FB6D26847055}.DebugDLL|x64.ActiveCfg = DebugAD|x64
		{78424708-1F6E-4D4B-920C-FB6D26847055}.DebugDLL|x64.Build.0 = DebugAD|x64
		{78424708-1F6E-4D4B-920C-FB6D26847055}.DebugDLL|x86.ActiveCfg = DebugAD|Win32
		{78424708-1F6E-4D4B-920C-FB6D26847055}.DebugDLL|x86.Build.0 = DebugAD|Win32
		{78424708-1F6E-4D4B-920C-FB6D26847055}.DebugUD|x64.ActiveCfg = DebugUD|x64
		{78424708-1F6E-4D4B-920C-FB6D26847055}.DebugUD|x64.Build.0 = DebugUD|x64
		{78424708-1F6E-4D4B-920C-FB6D26847055}.DebugUD|x86.ActiveCfg = DebugUD|Win32
		{78424708-1F6E-4D4B-920C-FB6D26847055}.DebugUD|x86.Build.0 = DebugUD|Win32
		{78424708-1F6E-4D4B-920C-FB6D26847055}.DebugUS|x64.ActiveCfg = DebugUS|x64
		{78424708-1F6E-4D4B-920C-FB6D26847055}.DebugUS|x64.Build.0 = DebugUS|x64
		{78424708-1F6E-4D4B-920C-FB6D26847055}.DebugUS|x86.ActiveCfg = DebugUS|Win32
		{78424708-1F6E-4D4B-920C-FB6D26847055}.DebugUS|x86.Build.0 = DebugUS|Win32
		{78424708-1F6E-4D4B-920C-FB6D26847055}.Release|x64.ActiveCfg = ReleaseUD|x64
		{78424708-1F6E-4D4B-920C-FB6D26847055}.Release|x64.Build.0 = ReleaseUD|x64
		{78424708-1F6E-4D4B-920C-FB6D26847055}.Release|x86.ActiveCfg = ReleaseAS|Win32
		{78424708-1F6E-4D4B-920C-FB6D26847055}.Release|x86.Build.0 = ReleaseAS|Win32
		{78424708-1F6E-4D4B-920C-FB6D26847055}.ReleaseAD|x64.ActiveCfg = ReleaseAD|x64
		{78424708-1F6E-4D4B-920C-FB6D26847055}.ReleaseAD|x64.Build.0 = ReleaseAD|x64
		{78424708-1F6E-4D4B-920C-FB6D26847055}.ReleaseAD|x86.ActiveCfg = ReleaseAD|Win32
		{78424708-1F6E-4D4B-920C-FB6D26847055}.ReleaseAD|x86.Build.0 = ReleaseAD|Win32
		{78424708-1F6E-4D4B-920C-FB6D26847055}.ReleaseAS|x64.ActiveCfg = ReleaseAS|x64
		{78424708-1F6E-4D4B-920C-FB6D26847055}.ReleaseAS|x64.Build.0 = ReleaseAS|x64
		{78424708-1F6E-4D4B-920C-FB6D26847055}.ReleaseAS|x86.ActiveCfg = ReleaseAS|Win32
		{78424708-1F6E-4D4B-920C-FB6D26847055}.ReleaseAS|x86.Build.0 = ReleaseAS|Win32
		{78424708-1F6E-4D4B-920C-FB6D26847055}.ReleaseDLL_fixed|x64.ActiveCfg = ReleaseUD|x64
		{78424708-1F6E-4D4B-920C-FB6D26847055}.ReleaseDLL_fixed|x64.Build.0 = ReleaseUD|x64
		{78424708-1F6E-4D4B-920C-FB6D26847055}.ReleaseDLL_fixed|x86.ActiveCfg = ReleaseAS|Win32
		{78424708-1F6E-4D4B-920C-FB6D26847055}.ReleaseDLL_fixed|x86.Build.0 = ReleaseAS|Win32
		{78424708-1F6E-4D4B-920C-FB6D26847055}.ReleaseDLL|x64.ActiveCfg = ReleaseUD|x64
		{78424708-1F6E-4D4B-920C-FB6D26847055}.ReleaseDLL|x64.Build.0 = ReleaseUD|x64
		{78424708-1F6E-4D4B-920C-FB6D26847055}.ReleaseDLL|x86.ActiveCfg = ReleaseAS|Win32
		{78424708-1F6E-4D4B-920C-FB6D26847055}.ReleaseDLL|x86.Build.0 = ReleaseAS|Win32
		{78424708-1F6E-4D4B-920C-FB6D26847055}.ReleaseUD|x64.ActiveCfg = ReleaseUD|x64
		{78424708-1F6E-4D4B-920C-FB6D26847055}.ReleaseUD|x64.Build.0 = ReleaseUD|x64
		{78424708-1F6E-4D4B-920C-FB6D26847055}.ReleaseUD|x86.ActiveCfg = ReleaseUD|Win32
		{78424708-1F6E-4D4B-920C-FB6D26847055}.ReleaseUD|x86.Build.0 = ReleaseUD|Win32
		{78424708-1F6E-4D4B-920C-FB6D26847055}.ReleaseUS|x64.ActiveCfg = ReleaseUS|x64
		{78424708-1F6E-4D4B-920C-FB6D26847055}.ReleaseUS|x64.Build.0 = ReleaseUS|x64
		{78424708-1F6E-4D4B-920C-FB6D26847055}.ReleaseUS|x86.ActiveCfg = ReleaseUS|Win32
		{78424708-1F6E-4D4B-920C-FB6D26847055}.ReleaseUS|x86.Build.0 = ReleaseUS|Win32
		{219EC965-228A-1824-174D-96449D05F88A}.Debug|x64.ActiveCfg = Debug|x64
		{219EC965-228A-1824-174D-96449D05F88A}.Debug|x64.Build.0 = Debug|x64
		{219EC965-228A-1824-174D-96449D05F88A}.Debug|x86.ActiveCfg = Debug|Win32
		{219EC965-228A-1824-174D-96449D05F88A}.Debug|x86.Build.0 = Debug|Win32
		{219EC965-228A-1824-174D-96449D05F88A}.DebugAD|x64.ActiveCfg = DebugDLL_fixed|x64
		{219EC965-228A-1824-174D-96449D05F88A}.DebugAD|x64.Build.0 = DebugDLL_fixed|x64
		{219EC965-228A-1824-174D-96449D05F88A}.DebugAD|x86.ActiveCfg = DebugDLL_fixed|Win32
		{219EC965-228A-1824-174D-96449D05F88A}.DebugAD|x86.Build.0 = DebugDLL_fixed|Win32
		{219EC965-228A-1824-174D-96449D05F88A}.DebugAS|x64.ActiveCfg = DebugDLL_fixed|x64
		{219EC965-228A-1824-174D-96449D05F88A}.DebugAS|x64.Build.0 = DebugDLL_fixed|x64
		{219EC965-228A-1824-174D-96449D05F88A}.DebugAS|x86.ActiveCfg = DebugDLL_fixed|Win32
		{219EC965-228A-1824-174D-96449D05F88A}.DebugAS|x86.Build.0 = DebugDLL_fixed|Win32
		{219EC965-228A-1824-174D-96449D05F88A}.DebugDLL_fixed|x64.ActiveCfg = DebugDLL_fixed|x64
		{219EC965-228A-1824-174D-96449D05F88A}.DebugDLL_fixed|x64.Build.0 = DebugDLL_fixed|x64
		{219EC965-228A-1824-174D-96449D05F88A}.DebugDLL_fixed|x86.ActiveCfg = DebugDLL_fixed|Win32
		{219EC965-228A-1824-174D-96449D05F88A}.DebugDLL_fixed|x86.Build.0 = DebugDLL_fixed|Win32
		{219EC965-228A-1824-174D-96449D05F88A}.DebugDLL|x64.ActiveCfg = DebugDLL|x64
		{219EC965-228A-1824-174D-96449D05F88A}.DebugDLL|x64.Build.0 = DebugDLL|x64
		{219EC965-228A-1824-174D-96449D05F88A}.DebugDLL|x86.ActiveCfg = DebugDLL|Win32
		{219EC965-228A-1824-174D-96449D05F88A}.DebugDLL|x86.Build.0 = DebugDLL|Win32
		{219EC965-228A-1824-174D-96449D05F88A}.DebugUD|x64.ActiveCfg = DebugDLL_fixed|x64
		{219EC965-228A-1824-174D-96449D05F88A}.DebugUD|x64.Build.0 = DebugDLL_fixed|x64
		{219EC965-228A-1824-174D-96449D05F88A}.DebugUD|x86.ActiveCfg = DebugDLL_fixed|Win32
		{219EC965-228A-1824-174D-96449D05F88A}.DebugUD|x86.Build.0 = DebugDLL_fixed|Win32
		{219EC965-228A-1824-174D-96449D05F88A}.DebugUS|x64.ActiveCfg = DebugDLL_fixed|x64
		{219EC965-228A-1824-174D-96449D05F88A}.DebugUS|x64.Build.0 = DebugDLL_fixed|x64
		{219EC965-228A-1824-174D-96449D05F88A}.DebugUS|x86.ActiveCfg = DebugDLL_fixed|Win32
		{219EC965-228A-1824-174D-96449D05F88A}.DebugUS|x86.Build.0 = DebugDLL_fixed|Win32
		{219EC965-228A-1824-174D-96449D05F88A}.Release|x64.ActiveCfg = Release|x64
		{219EC965-228A-1824-174D-96449D05F88A}.Release|x64.Build.0 = Release|x64
		{219EC965-228A-1824-174D-96449D05F88A}.Release|x86.ActiveCfg = Release|Win32
		{219EC965-228A-1824-174D-96449D05F88A}.Release|x86.Build.0 = Release|Win32
		{219EC965-228A-1824-174D-96449D05F88A}.ReleaseAD|x64.ActiveCfg = ReleaseDLL_fixed|x64
		{219EC965-228A-1824-174D-96449D05F88A}.ReleaseAD|x64.Build.0 = ReleaseDLL_fixed|x64
		{219EC965-228A-1824-174D-96449D05F88A}.ReleaseAD|x86.ActiveCfg = ReleaseDLL_fixed|Win32
		{219EC965-228A-1824-174D-96449D05F88A}.ReleaseAD|x86.Build.0 = ReleaseDLL_fixed|Win32
		{219EC965-228A-1824-174D-96449D05F88A}.ReleaseAS|x64.ActiveCfg = ReleaseDLL_fixed|x64
		{219EC965-228A-1824-174D-96449D05F88A}.ReleaseAS|x64.Build.0 = ReleaseDLL_fixed|x64
		{219EC965-228A-1824-174D-96449D05F88A}.ReleaseAS|x86.ActiveCfg = ReleaseDLL_fixed|Win32
		{219EC965-228A-1824-174D-96449D05F88A}.ReleaseAS|x86.Build.0 = ReleaseDLL_fixed|Win32
		{219EC965-228A-1824-174D-96449D05F88A}.ReleaseDLL_fixed|x64.ActiveCfg = ReleaseDLL_fixed|x64
		{219EC965-228A-1824-174D-96449D05F88A}.ReleaseDLL_fixed|x64.Build.0 = ReleaseDLL_fixed|x64
		{219EC965-228A-1824-174D-96449D05F88A}.ReleaseDLL_fixed|x86.ActiveCfg = ReleaseDLL_fixed|Win32
		{219EC965-228A-1824-174D-96449D05F88A}.ReleaseDLL_fixed|x86.Build.0 = ReleaseDLL_fixed|Win32
		{219EC965-228A-1824-174D-96449D05F88A}.ReleaseDLL|x64.ActiveCfg = ReleaseDLL|x64
		{219EC965-228A-1824-174D-96449D05F88A}.ReleaseDLL|x64.Build.0 = ReleaseDLL|x64
		{219EC965-228A-1824-174D-96449D05F88A}.ReleaseDLL|x86.ActiveCfg = ReleaseDLL|Win32
		{219EC965-228A-1824-174D-96449D05F88A}.ReleaseDLL|x86.Build.0 = ReleaseDLL|Win32
		{219EC965-228A-1824-174D-96449D05F88A}.ReleaseUD|x64.ActiveCfg = ReleaseDLL_fixed|x64
		{219EC965-228A-1824-174D-96449D05F88A}.ReleaseUD|x64.Build.0 = ReleaseDLL_fixed|x64
		{219EC965-228A-1824-174D-96449D05F88A}.ReleaseUD|x86.ActiveCfg = ReleaseDLL_fixed|Win32
		{219EC965-228A-1824-174D-96449D05F88A}.ReleaseUD|x86.Build.0 = ReleaseDLL_fixed|Win32
		{219EC965-228A-1824-174D-96449D05F88A}.ReleaseUS|x64.ActiveCfg = ReleaseDLL_fixed|x64
		{219EC965-228A-1824-174D-96449D05F88A}.ReleaseUS|x64.Build.0 = ReleaseDLL_fixed|x64
		{219EC965-228A-1824-174D-96449D05F88A}.ReleaseUS|x86.ActiveCfg = ReleaseDLL_fixed|Win32
		{219EC965-228A-1824-174D-96449D05F88A}.ReleaseUS|x86.Build.0 = ReleaseDLL_fixed|Win32
		{4CEFBC84-C215-11DB-8314-0800200C9A66}.Debug|x64.ActiveCfg = Debug|x64
		{4CEFBC84-C215-11DB-8314-0800200C9A66}.Debug|x64.Build.0 = Debug|x64
		{4CEFBC84-C215-11DB-8314-0800200C9A66}.Debug|x86.ActiveCfg = Debug|x64
		{4CEFBC84-C215-11DB-8314-0800200C9A66}.Debug|x86.Build.0 = Debug|x64
		{4CEFBC84-C215-11DB-8314-0800200C9A66}.DebugAD|x64.ActiveCfg = Debug|x64
		{4CEFBC84-C215-11DB-8314-0800200C9A66}.DebugAD|x64.Build.0 = Debug|x64
		{4CEFBC84-C215-11DB-8314-0800200C9A66}.DebugAD|x86.ActiveCfg = Debug|x64
		{4CEFBC84-C215-11DB-8314-0800200C9A66}.DebugAD|x86.Build.0 = Debug|x64
		{4CEFBC84-C215-11DB-8314-0800200C9A66}.DebugAS|x64.ActiveCfg = Debug|x64
		{4CEFBC84-C215-11DB-8314-0800200C9A66}.DebugAS|x64.Build.0 = Debug|x64
		{4CEFBC84-C215-11DB-8314-0800200C9A66}.DebugAS|x86.ActiveCfg = Debug|x64
		{4CEFBC84-C215-11DB-8314-0800200C9A66}.DebugAS|x86.Build.0 = Debug|x64
		{4CEFBC84-C215-11DB-8314-0800200C9A66}.DebugDLL_fixed|x64.ActiveCfg = Debug|x64
		{4CEFBC84-C215-11DB-8314-0800200C9A66}.DebugDLL_fixed|x64.Build.0 = Debug|x64
		{4CEFBC84-C215-11DB-8314-0800200C9A66}.DebugDLL_fixed|x86.ActiveCfg = Debug|x64
		{4CEFBC84-C215-11DB-8314-0800200C9A66}.DebugDLL_fixed|x86.Build.0 = Debug|x64
		{4CEFBC84-C215-11DB-8314-0800200C9A66}.DebugDLL|x64.ActiveCfg = Debug|x64
		{4CEFBC84-C215-11DB-8314-0800200C9A66}.DebugDLL|x64.Build.0 = Debug|x64
		{4CEFBC84-C215-11DB-8314-0800200C9A66}.DebugDLL|x86.ActiveCfg = Debug|x64
		{4CEFBC84-C215-11DB-8314-0800200C9A66}.DebugDLL|x86.Build.0 = Debug|x64
		{4CEFBC84-C215-11DB-8314-0800200C9A66}.DebugUD|x64.ActiveCfg = Debug|x64
		{4CEFBC84-C215-11DB-8314-0800200C9A66}.DebugUD|x64.Build.0 = Debug|x64
		{4CEFBC84-C215-11DB-8314-0800200C9A66}.DebugUD|x86.ActiveCfg = Debug|x64
		{4CEFBC84-C215-11DB-8314-0800200C9A66}.DebugUD|x86.Build.0 = Debug|x64
		{4CEFBC84-C215-11DB-8314-0800200C9A66}.DebugUS|x64.ActiveCfg = Debug|x64
		{4CEFBC84-C215-11DB-8314-0800200C9A66}.DebugUS|x64.Build.0 = Debug|x64
		{4CEFBC84-C215-11DB-8314-0800200C9A66}.DebugUS|x86.ActiveCfg = Debug|x64
		{4CEFBC84-C215-11DB-8314-0800200C9A66}.DebugUS|x86.Build.0 = Debug|x64
		{4CEFBC84-C215-11DB-8314-0800200C9A66}.Release|x64.ActiveCfg = Release|x64
		{4CEFBC84-C215-11DB-8314-0800200C9A66}.Release|x64.Build.0 = Release|x64
		{4CEFBC84-C215-11DB-8314-0800200C9A66}.Release|x86.ActiveCfg = Release|x64
		{4CEFBC84-C215-11DB-8314-0800200C9A66}.Release|x86.Build.0 = Release|x64
		{4CEFBC84-C215-11DB-8314-0800200C9A66}.ReleaseAD|x64.ActiveCfg = Release|x64
		{4CEFBC84-C215-11DB-8314-0800200C9A66}.ReleaseAD|x64.Build.0 = Release|x64
		{4CEFBC84-C215-11DB-8314-0800200C9A66}.ReleaseAD|x86.ActiveCfg = Release|x64
		{4CEFBC84-C215-11DB-8314-0800200C9A66}.ReleaseAD|x86.Build.0 = Release|x64
		{4CEFBC84-C215-11DB-8314-0800200C9A66}.ReleaseAS|x64.ActiveCfg = Release|x64
		{4CEFBC84-C215-11DB-8314-0800200C9A66}.ReleaseAS|x64.Build.0 = Release|x64
		{4CEFBC84-C215-11DB-8314-0800200C9A66}.ReleaseAS|x86.ActiveCfg = Release|x64
		{4CEFBC84-C215-11DB-8314-0800200C9A66}.ReleaseAS|x86.Build.0 = Release|x64
		{4CEFBC84-C215-11DB-8314-0800200C9A66}.ReleaseDLL_fixed|x64.ActiveCfg = Release|x64
		{4CEFBC84-C215-11DB-8314-0800200C9A66}.ReleaseDLL_fixed|x64.Build.0 = Release|x64
		{4CEFBC84-C215-11DB-8314-0800200C9A66}.ReleaseDLL_fixed|x86.ActiveCfg = Release|x64
		{4CEFBC84-C215-11DB-8314-0800200C9A66}.ReleaseDLL_fixed|x86.Build.0 = Release|x64
		{4CEFBC84-C215-11DB-8314-0800200C9A66}.ReleaseDLL|x64.ActiveCfg = Release|x64
		{4CEFBC84-C215-11DB-8314-0800200C9A66}.ReleaseDLL|x64.Build.0 = Release|x64
		{4CEFBC84-C215-11DB-8314-0800200C9A66}.ReleaseDLL|x86.ActiveCfg = Release|x64
		{4CEFBC84-C215-11DB-8314-0800200C9A66}.ReleaseDLL|x86.Build.0 = Release|x64
		{4CEFBC84-C215-11DB-8314-0800200C9A66}.ReleaseUD|x64.ActiveCfg = Release|x64
		{4CEFBC84-C215-11DB-8314-0800200C9A66}.ReleaseUD|x64.Build.0 = Release|x64
		{4CEFBC84-C215-11DB-8314-0800200C9A66}.ReleaseUD|x86.ActiveCfg = Release|x64
		{4CEFBC84-C215-11DB-8314-0800200C9A66}.ReleaseUD|x86.Build.0 = Release|x64
		{4CEFBC84-C215-11DB-8314-0800200C9A66}.ReleaseUS|x64.ActiveCfg = Release|x64
		{4CEFBC84-C215-11DB-8314-0800200C9A66}.ReleaseUS|x64.Build.0 = Release|x64
		{4CEFBC84-C215-11DB-8314-0800200C9A66}.ReleaseUS|x86.ActiveCfg = Release|x64
		{4CEFBC84-C215-11DB-8314-0800200C9A66}.ReleaseUS|x86.Build.0 = Release|x64
	EndGlobalSection
	GlobalSection(SolutionProperties) = preSolution
		HideSolutionNode = FALSE
	EndGlobalSection
	GlobalSection(ExtensibilityGlobals) = postSolution
		SolutionGuid = {3EF95EAE-A033-41A4-A935-6F7343AEBD0E}
	EndGlobalSection
EndGlobal
